version: 5
environments:
  default:
    channels:
    - url: https://conda.anaconda.org/freecad/label/dev/
    - url: https://conda.anaconda.org/conda-forge/
    packages:
      osx-arm64:
      - conda: https://conda.anaconda.org/freecad/label/dev/osx-arm64/arpack-3.9.1-nompi_hc5a0542_102.tar.bz2
      - conda: https://conda.anaconda.org/conda-forge/osx-arm64/bzip2-1.0.8-h99b78c6_7.conda
      - conda: https://conda.anaconda.org/conda-forge/osx-arm64/c-ares-1.33.1-hd74edd7_0.conda
      - conda: https://conda.anaconda.org/conda-forge/osx-arm64/ca-certificates-2024.8.30-hf0a4a13_0.conda
      - conda: https://conda.anaconda.org/conda-forge/osx-arm64/cctools-1010.6-hf67d63f_1.conda
      - conda: https://conda.anaconda.org/conda-forge/osx-arm64/cctools_osx-arm64-1010.6-h4208deb_1.conda
      - conda: https://conda.anaconda.org/conda-forge/osx-arm64/clang-17-17.0.6-default_h146c034_7.conda
      - conda: https://conda.anaconda.org/conda-forge/osx-arm64/clang-17.0.6-default_h360f5da_7.conda
      - conda: https://conda.anaconda.org/conda-forge/osx-arm64/clang_impl_osx-arm64-17.0.6-he47c785_19.conda
      - conda: https://conda.anaconda.org/conda-forge/osx-arm64/clang_osx-arm64-17.0.6-h54d7cd3_19.conda
      - conda: https://conda.anaconda.org/conda-forge/osx-arm64/clangxx-17.0.6-default_h360f5da_7.conda
      - conda: https://conda.anaconda.org/conda-forge/osx-arm64/cmake-3.30.3-hfbcbe4a_0.conda
      - conda: https://conda.anaconda.org/conda-forge/osx-arm64/compiler-rt-17.0.6-h856b3c1_2.conda
      - conda: https://conda.anaconda.org/conda-forge/noarch/compiler-rt_osx-arm64-17.0.6-h832e737_2.conda
      - conda: https://conda.anaconda.org/conda-forge/osx-arm64/gfortran-13.2.0-h1ca8e4b_1.conda
      - conda: https://conda.anaconda.org/conda-forge/osx-arm64/gfortran_impl_osx-arm64-13.2.0-h252ada1_3.conda
      - conda: https://conda.anaconda.org/conda-forge/osx-arm64/gfortran_osx-arm64-13.2.0-h57527a5_1.conda
      - conda: https://conda.anaconda.org/conda-forge/osx-arm64/gmp-6.3.0-h7bae524_2.conda
      - conda: https://conda.anaconda.org/conda-forge/osx-arm64/icu-75.1-hfee45f7_0.conda
      - conda: https://conda.anaconda.org/conda-forge/osx-arm64/isl-0.26-imath32_h347afa1_101.conda
      - conda: https://conda.anaconda.org/conda-forge/osx-arm64/krb5-1.21.3-h237132a_0.conda
      - conda: https://conda.anaconda.org/conda-forge/osx-arm64/ld64-951.9-h39a299f_1.conda
      - conda: https://conda.anaconda.org/conda-forge/osx-arm64/ld64_osx-arm64-951.9-hc81425b_1.conda
      - conda: https://conda.anaconda.org/conda-forge/osx-arm64/libblas-3.9.0-24_osxarm64_openblas.conda
      - conda: https://conda.anaconda.org/conda-forge/osx-arm64/libcblas-3.9.0-24_osxarm64_openblas.conda
      - conda: https://conda.anaconda.org/conda-forge/osx-arm64/libclang-cpp17-17.0.6-default_h146c034_7.conda
      - conda: https://conda.anaconda.org/conda-forge/osx-arm64/libcurl-8.10.1-h13a7ad3_0.conda
      - conda: https://conda.anaconda.org/conda-forge/osx-arm64/libcxx-19.1.0-ha82da77_0.conda
      - conda: https://conda.anaconda.org/conda-forge/osx-arm64/libcxx-devel-17.0.6-h86353a2_6.conda
      - conda: https://conda.anaconda.org/conda-forge/osx-arm64/libedit-3.1.20191231-hc8eb9b7_2.tar.bz2
      - conda: https://conda.anaconda.org/conda-forge/osx-arm64/libev-4.33-h93a5062_2.conda
      - conda: https://conda.anaconda.org/conda-forge/osx-arm64/libexpat-2.6.3-hf9b8971_0.conda
      - conda: https://conda.anaconda.org/conda-forge/osx-arm64/libffi-3.4.2-h3422bc3_5.tar.bz2
      - conda: https://conda.anaconda.org/conda-forge/osx-arm64/libgfortran-5.0.0-13_2_0_hd922786_3.conda
      - conda: https://conda.anaconda.org/conda-forge/noarch/libgfortran-devel_osx-arm64-13.2.0-h5d7a38c_3.conda
      - conda: https://conda.anaconda.org/conda-forge/osx-arm64/libgfortran5-13.2.0-hf226fd6_3.conda
      - conda: https://conda.anaconda.org/conda-forge/osx-arm64/libglib-2.80.5-h4821c08_0.conda
      - conda: https://conda.anaconda.org/conda-forge/osx-arm64/libhwloc-2.11.1-default_h7685b71_1000.conda
      - conda: https://conda.anaconda.org/conda-forge/osx-arm64/libiconv-1.17-h0d3ecfb_2.conda
      - conda: https://conda.anaconda.org/conda-forge/osx-arm64/libintl-0.22.5-h8414b35_3.conda
      - conda: https://conda.anaconda.org/conda-forge/osx-arm64/liblapack-3.9.0-24_osxarm64_openblas.conda
      - conda: https://conda.anaconda.org/conda-forge/osx-arm64/liblapacke-3.9.0-24_osxarm64_openblas.conda
      - conda: https://conda.anaconda.org/conda-forge/osx-arm64/libllvm17-17.0.6-h5090b49_2.conda
      - conda: https://conda.anaconda.org/conda-forge/osx-arm64/libnghttp2-1.58.0-ha4dd798_1.conda
      - conda: https://conda.anaconda.org/conda-forge/osx-arm64/libopenblas-0.3.27-openmp_h517c56d_1.conda
      - conda: https://conda.anaconda.org/freecad/label/dev/osx-arm64/libscotch-7.0.5-hb44a8de_0.tar.bz2
      - conda: https://conda.anaconda.org/conda-forge/osx-arm64/libsqlite-3.46.1-hc14010f_0.conda
      - conda: https://conda.anaconda.org/conda-forge/osx-arm64/libssh2-1.11.0-h7a5bd25_0.conda
      - conda: https://conda.anaconda.org/conda-forge/osx-arm64/libuv-1.49.0-hd74edd7_0.conda
      - conda: https://conda.anaconda.org/conda-forge/osx-arm64/libxml2-2.12.7-h01dff8b_4.conda
      - conda: https://conda.anaconda.org/conda-forge/osx-arm64/libzlib-1.3.1-hfb2fe0b_1.conda
      - conda: https://conda.anaconda.org/conda-forge/osx-arm64/llvm-openmp-18.1.8-hde57baf_1.conda
      - conda: https://conda.anaconda.org/conda-forge/osx-arm64/llvm-tools-17.0.6-h5090b49_2.conda
      - conda: https://conda.anaconda.org/conda-forge/osx-arm64/make-4.4.1-hc9fafa5_1.conda
      - conda: https://conda.anaconda.org/conda-forge/osx-arm64/metis-5.2.1-h93a5062_0.conda
      - conda: https://conda.anaconda.org/conda-forge/osx-arm64/mpc-1.3.1-h8f1351a_1.conda
      - conda: https://conda.anaconda.org/conda-forge/osx-arm64/mpfr-4.2.1-hb693164_3.conda
      - conda: https://conda.anaconda.org/conda-forge/osx-arm64/ncurses-6.5-h7bae524_1.conda
      - conda: https://conda.anaconda.org/conda-forge/osx-arm64/ninja-1.12.1-h420ef59_0.conda
      - conda: https://conda.anaconda.org/conda-forge/osx-arm64/numpy-2.1.1-py312h801f5e3_0.conda
      - conda: https://conda.anaconda.org/conda-forge/osx-arm64/openssl-3.3.2-h8359307_0.conda
      - conda: https://conda.anaconda.org/conda-forge/osx-arm64/pcre2-10.44-h297a79d_2.conda
      - conda: https://conda.anaconda.org/conda-forge/osx-arm64/pkg-config-0.29.2-hde07d2e_1009.conda
      - conda: https://conda.anaconda.org/conda-forge/noarch/pkgconfig-1.5.5-pyhd8ed1ab_4.tar.bz2
      - conda: https://conda.anaconda.org/conda-forge/osx-arm64/python-3.12.6-h739c21a_1_cpython.conda
      - conda: https://conda.anaconda.org/conda-forge/osx-arm64/python_abi-3.12-5_cp312.conda
      - conda: https://conda.anaconda.org/conda-forge/osx-arm64/readline-8.2-h92ec313_1.conda
      - conda: https://conda.anaconda.org/conda-forge/osx-arm64/rhash-1.4.4-hb547adb_0.conda
      - conda: https://conda.anaconda.org/conda-forge/osx-arm64/scipy-1.14.1-py312heb3a901_0.conda
      - conda: https://conda.anaconda.org/conda-forge/osx-arm64/sigtool-0.1.3-h44b9a77_0.tar.bz2
      - conda: https://conda.anaconda.org/conda-forge/osx-arm64/spooles-2.2.0-h99b78c6_1004.conda
      - conda: https://conda.anaconda.org/conda-forge/osx-arm64/tapi-1300.6.5-h03f4b80_0.conda
      - conda: https://conda.anaconda.org/conda-forge/osx-arm64/tk-8.6.13-h5083fa2_1.conda
      - conda: https://conda.anaconda.org/conda-forge/noarch/tzdata-2024a-h8827d51_1.conda
      - conda: https://conda.anaconda.org/conda-forge/osx-arm64/xz-5.2.6-h57fd34a_0.tar.bz2
      - conda: https://conda.anaconda.org/conda-forge/osx-arm64/zlib-1.3.1-hfb2fe0b_1.conda
      - conda: https://conda.anaconda.org/conda-forge/osx-arm64/zstd-1.5.6-hb46c0d2_0.conda
packages:
- kind: conda
  name: arpack
  version: 3.9.1
  build: nompi_hc5a0542_102
  build_number: 102
  subdir: osx-arm64
  url: https://conda.anaconda.org/freecad/label/dev/osx-arm64/arpack-3.9.1-nompi_hc5a0542_102.tar.bz2
  sha256: a40ef31c5c14b36818a61ae6970082cd96cb167d51f8badf684f5066ee3fed16
  md5: 4f14873224d3ac597a207c2572dc4232
  depends:
  - __osx >=11.0
  - libblas >=3.9.0,<4.0a0
  - libcxx >=16
  - libgfortran 5.*
  - libgfortran5 >=12.3.0
  - libgfortran5 >=13.2.0
  - liblapack >=3.9.0,<4.0a0
  arch: arm64
  platform: osx
  license: BSD-3-Clause
  size: 140725
  timestamp: 1721585425663
- kind: conda
  name: bzip2
  version: 1.0.8
  build: h99b78c6_7
  build_number: 7
  subdir: osx-arm64
  url: https://conda.anaconda.org/conda-forge/osx-arm64/bzip2-1.0.8-h99b78c6_7.conda
  sha256: adfa71f158cbd872a36394c56c3568e6034aa55c623634b37a4836bd036e6b91
  md5: fc6948412dbbbe9a4c9ddbbcfe0a79ab
  depends:
  - __osx >=11.0
  license: bzip2-1.0.6
  license_family: BSD
  size: 122909
  timestamp: 1720974522888
- kind: conda
  name: c-ares
  version: 1.33.1
  build: hd74edd7_0
  subdir: osx-arm64
  url: https://conda.anaconda.org/conda-forge/osx-arm64/c-ares-1.33.1-hd74edd7_0.conda
  sha256: ad29a9cffa0504cb4bf7605963816feff3c7833f36b050e1e71912d09c38e3f6
  md5: 5b69c16ee900aeffcf0103268d708518
  depends:
  - __osx >=11.0
  license: MIT
  license_family: MIT
  size: 159389
  timestamp: 1724438175204
- kind: conda
  name: ca-certificates
  version: 2024.8.30
  build: hf0a4a13_0
  subdir: osx-arm64
  url: https://conda.anaconda.org/conda-forge/osx-arm64/ca-certificates-2024.8.30-hf0a4a13_0.conda
  sha256: 2db1733f4b644575dbbdd7994a8f338e6ef937f5ebdb74acd557e9dda0211709
  md5: 40dec13fd8348dbe303e57be74bd3d35
  license: ISC
  size: 158482
  timestamp: 1725019034582
- kind: conda
  name: cctools
  version: '1010.6'
  build: hf67d63f_1
  build_number: 1
  subdir: osx-arm64
  url: https://conda.anaconda.org/conda-forge/osx-arm64/cctools-1010.6-hf67d63f_1.conda
  sha256: b85469a1277da76dbbc71639b03014143cec96fe2e86dc11b1c3e299b9d29e2f
  md5: f9138a6ffe696dadea9374101856747b
  depends:
  - cctools_osx-arm64 1010.6 h4208deb_1
  - ld64 951.9 h39a299f_1
  - libllvm17 >=17.0.6,<17.1.0a0
  license: APSL-2.0
  license_family: Other
  size: 21681
  timestamp: 1726771723258
- kind: conda
  name: cctools_osx-arm64
  version: '1010.6'
  build: h4208deb_1
  build_number: 1
  subdir: osx-arm64
  url: https://conda.anaconda.org/conda-forge/osx-arm64/cctools_osx-arm64-1010.6-h4208deb_1.conda
  sha256: 7122430e69ab8e38d382553bf7225b0887158341fe6879be4220e4e495b93aac
  md5: bca79601bdb3a3dfa4c3917701a79f81
  depends:
  - __osx >=11.0
  - ld64_osx-arm64 >=951.9,<951.10.0a0
  - libcxx
  - libllvm17 >=17.0.6,<17.1.0a0
  - libzlib >=1.3.1,<2.0a0
  - llvm-tools 17.0.*
  - sigtool
  constrains:
  - clang 17.0.*
  - cctools 1010.6.*
  - ld64 951.9.*
  license: APSL-2.0
  license_family: Other
  size: 1089821
  timestamp: 1726771687683
- kind: conda
  name: clang
  version: 17.0.6
  build: default_h360f5da_7
  build_number: 7
  subdir: osx-arm64
  url: https://conda.anaconda.org/conda-forge/osx-arm64/clang-17.0.6-default_h360f5da_7.conda
  sha256: 3caeb933e74561c834074ef1617aa721c10e6b08c1fed9d5180c82a9ba18b5f2
  md5: c98bdbd4985530fac68ea4831d053ba1
  depends:
  - clang-17 17.0.6 default_h146c034_7
  license: Apache-2.0 WITH LLVM-exception
  license_family: Apache
  size: 24105
  timestamp: 1725505775351
- kind: conda
  name: clang-17
  version: 17.0.6
  build: default_h146c034_7
  build_number: 7
  subdir: osx-arm64
  url: https://conda.anaconda.org/conda-forge/osx-arm64/clang-17-17.0.6-default_h146c034_7.conda
  sha256: f9e40e5402ab78543553e7bc0437dfeed42d43f486395b66dd55ea0fd819b789
  md5: 585064b6856cb3e719343e3362ea828b
  depends:
  - __osx >=11.0
  - libclang-cpp17 17.0.6 default_h146c034_7
  - libcxx >=17.0.6
  - libllvm17 >=17.0.6,<17.1.0a0
  constrains:
  - clangxx 17.0.6
  - clang-tools 17.0.6
  - clangdev 17.0.6
  - llvm-tools 17.0.6
  license: Apache-2.0 WITH LLVM-exception
  license_family: Apache
  size: 715930
  timestamp: 1725505694198
- kind: conda
  name: clang_impl_osx-arm64
  version: 17.0.6
  build: he47c785_19
  build_number: 19
  subdir: osx-arm64
  url: https://conda.anaconda.org/conda-forge/osx-arm64/clang_impl_osx-arm64-17.0.6-he47c785_19.conda
  sha256: 2d9c4ead38fc8e90ece918c955bc66db2113a33110a18a588a7deacd057ae18e
  md5: 2028783cbf7f9f143dbd722c25334f19
  depends:
  - cctools_osx-arm64
  - clang 17.0.6.*
  - compiler-rt 17.0.6.*
  - ld64_osx-arm64
  - llvm-tools 17.0.6.*
  license: BSD-3-Clause
  license_family: BSD
  size: 17654
  timestamp: 1723069366336
- kind: conda
  name: clang_osx-arm64
  version: 17.0.6
  build: h54d7cd3_19
  build_number: 19
  subdir: osx-arm64
  url: https://conda.anaconda.org/conda-forge/osx-arm64/clang_osx-arm64-17.0.6-h54d7cd3_19.conda
  sha256: d1e7816ec7556c9ab394be1a96c6dc79f95343aa2b8ac1e8154d159c6aff6421
  md5: 4ae0c578b289aa46bd19ee955dabef15
  depends:
  - clang_impl_osx-arm64 17.0.6 he47c785_19
  license: BSD-3-Clause
  license_family: BSD
  size: 20557
  timestamp: 1723069371921
- kind: conda
  name: clangxx
  version: 17.0.6
  build: default_h360f5da_7
  build_number: 7
  subdir: osx-arm64
  url: https://conda.anaconda.org/conda-forge/osx-arm64/clangxx-17.0.6-default_h360f5da_7.conda
  sha256: 73a87fe4a31494cdc5d74aacf9d08f560e4468795547f06290ee6a7bb128f61c
  md5: 0bb5cea65ab3457812707537603a3619
  depends:
  - clang 17.0.6 default_h360f5da_7
  - libcxx-devel 17.0.6.*
  license: Apache-2.0 WITH LLVM-exception
  license_family: Apache
  size: 24168
  timestamp: 1725505786435
- kind: conda
  name: cmake
  version: 3.30.3
  build: hfbcbe4a_0
  subdir: osx-arm64
  url: https://conda.anaconda.org/conda-forge/osx-arm64/cmake-3.30.3-hfbcbe4a_0.conda
  sha256: befe57decd86af91076cea5c1467820c5f0adf5e0214dc1bd6388d613a6b2e86
  md5: da0386fa3aba1902b3314c3f8e1cc3af
  depends:
  - __osx >=11.0
  - bzip2 >=1.0.8,<2.0a0
  - libcurl >=8.9.1,<9.0a0
  - libcxx >=17
  - libexpat >=2.6.2,<3.0a0
  - libuv >=1.48.0,<2.0a0
  - libzlib >=1.3.1,<2.0a0
  - ncurses >=6.5,<7.0a0
  - rhash >=1.4.4,<2.0a0
  - xz >=5.2.6,<6.0a0
  - zstd >=1.5.6,<1.6.0a0
  license: BSD-3-Clause
  license_family: BSD
  size: 16002075
  timestamp: 1725002349224
- kind: conda
  name: compiler-rt
  version: 17.0.6
  build: h856b3c1_2
  build_number: 2
  subdir: osx-arm64
  url: https://conda.anaconda.org/conda-forge/osx-arm64/compiler-rt-17.0.6-h856b3c1_2.conda
  sha256: 91f4a6b80b7802432146a399944c20410e058dfb57ca6d738c0affb79cbdebbb
  md5: 2d00ff8e98c163de45a7c85774094012
  depends:
  - __osx >=11.0
  - clang 17.0.6.*
  - clangxx 17.0.6.*
  - compiler-rt_osx-arm64 17.0.6.*
  license: Apache-2.0 WITH LLVM-exception
  license_family: APACHE
  size: 94878
  timestamp: 1725251190741
- kind: conda
  name: compiler-rt_osx-arm64
  version: 17.0.6
  build: h832e737_2
  build_number: 2
  subdir: noarch
  noarch: generic
  url: https://conda.anaconda.org/conda-forge/noarch/compiler-rt_osx-arm64-17.0.6-h832e737_2.conda
  sha256: 74d63f7f91a9482262d80490fafd39275121f4cb273f293e7d9fe91934837666
  md5: 58fd1fa30d8b0795f33a7e79893b11cc
  depends:
  - clang 17.0.6.*
  - clangxx 17.0.6.*
  constrains:
  - compiler-rt 17.0.6
  license: Apache-2.0 WITH LLVM-exception
  license_family: APACHE
  size: 10369238
  timestamp: 1725251155195
- kind: conda
  name: gfortran
  version: 13.2.0
  build: h1ca8e4b_1
  build_number: 1
  subdir: osx-arm64
  url: https://conda.anaconda.org/conda-forge/osx-arm64/gfortran-13.2.0-h1ca8e4b_1.conda
  sha256: 1232495ccd08cec4c80d475d584d1fc84365a1ef1b70e45bb0d9c317e9ec270e
  md5: 9eac94b5f64ba2d59ef2424cc44bebea
  depends:
  - cctools
  - gfortran_osx-arm64 13.2.0
  - ld64
  license: GPL-3.0-or-later WITH GCC-exception-3.1
  license_family: GPL
  size: 31973
  timestamp: 1694179448089
- kind: conda
  name: gfortran_impl_osx-arm64
  version: 13.2.0
  build: h252ada1_3
  build_number: 3
  subdir: osx-arm64
  url: https://conda.anaconda.org/conda-forge/osx-arm64/gfortran_impl_osx-arm64-13.2.0-h252ada1_3.conda
  sha256: 1ba0d59650e2d54ebcfdd6d6e7ce6823241764183c34f082bc1313ec43b01c7a
  md5: 4a020e943a2888b242b312a8e953eb9a
  depends:
  - gmp >=6.3.0,<7.0a0
  - isl 0.26.*
  - libcxx >=16
  - libgfortran-devel_osx-arm64 13.2.0.*
  - libgfortran5 >=13.2.0
  - libiconv >=1.17,<2.0a0
  - libzlib >=1.2.13,<2.0.0a0
  - mpc >=1.3.1,<2.0a0
  - mpfr >=4.2.1,<5.0a0
  - zlib
  license: GPL-3.0-only WITH GCC-exception-3.1
  license_family: GPL
  size: 18431819
  timestamp: 1707330710124
- kind: conda
  name: gfortran_osx-arm64
  version: 13.2.0
  build: h57527a5_1
  build_number: 1
  subdir: osx-arm64
  url: https://conda.anaconda.org/conda-forge/osx-arm64/gfortran_osx-arm64-13.2.0-h57527a5_1.conda
  sha256: 3b075f15aba705d43870fdfde5a8d3f1adc9a045d575b4665726afe244149a64
  md5: 13ca786286ed5efc9dc75f64b5101210
  depends:
  - cctools_osx-arm64
  - clang
  - clang_osx-arm64
  - gfortran_impl_osx-arm64 13.2.0
  - ld64_osx-arm64
  - libgfortran 5.*
  - libgfortran-devel_osx-arm64 13.2.0
  - libgfortran5 >=13.2.0
  license: GPL-3.0-or-later WITH GCC-exception-3.1
  license_family: GPL
  size: 35260
  timestamp: 1694179424284
- kind: conda
  name: gmp
  version: 6.3.0
  build: h7bae524_2
  build_number: 2
  subdir: osx-arm64
  url: https://conda.anaconda.org/conda-forge/osx-arm64/gmp-6.3.0-h7bae524_2.conda
  sha256: 76e222e072d61c840f64a44e0580c2503562b009090f55aa45053bf1ccb385dd
  md5: eed7278dfbab727b56f2c0b64330814b
  depends:
  - __osx >=11.0
  - libcxx >=16
  license: GPL-2.0-or-later OR LGPL-3.0-or-later
  size: 365188
  timestamp: 1718981343258
- kind: conda
  name: icu
  version: '75.1'
  build: hfee45f7_0
  subdir: osx-arm64
  url: https://conda.anaconda.org/conda-forge/osx-arm64/icu-75.1-hfee45f7_0.conda
  sha256: 9ba12c93406f3df5ab0a43db8a4b4ef67a5871dfd401010fbe29b218b2cbe620
  md5: 5eb22c1d7b3fc4abb50d92d621583137
  depends:
  - __osx >=11.0
  license: MIT
  license_family: MIT
  size: 11857802
  timestamp: 1720853997952
- kind: conda
  name: isl
  version: '0.26'
  build: imath32_h347afa1_101
  build_number: 101
  subdir: osx-arm64
  url: https://conda.anaconda.org/conda-forge/osx-arm64/isl-0.26-imath32_h347afa1_101.conda
  sha256: fc9272371750c56908b8e535755b1e23cf7803a2cc4a7d9ae539347baa14f740
  md5: e80e44a3f4862b1da870dc0557f8cf3b
  depends:
  - libcxx >=14.0.6
  track_features:
  - isl_imath-32
  license: MIT
  license_family: MIT
  size: 819937
  timestamp: 1680649567633
- kind: conda
  name: krb5
  version: 1.21.3
  build: h237132a_0
  subdir: osx-arm64
  url: https://conda.anaconda.org/conda-forge/osx-arm64/krb5-1.21.3-h237132a_0.conda
  sha256: 4442f957c3c77d69d9da3521268cad5d54c9033f1a73f99cde0a3658937b159b
  md5: c6dc8a0fdec13a0565936655c33069a1
  depends:
  - __osx >=11.0
  - libcxx >=16
  - libedit >=3.1.20191231,<3.2.0a0
  - libedit >=3.1.20191231,<4.0a0
  - openssl >=3.3.1,<4.0a0
  license: MIT
  license_family: MIT
  size: 1155530
  timestamp: 1719463474401
- kind: conda
  name: ld64
  version: '951.9'
  build: h39a299f_1
  build_number: 1
  subdir: osx-arm64
  url: https://conda.anaconda.org/conda-forge/osx-arm64/ld64-951.9-h39a299f_1.conda
  sha256: 7dc2adcb40f2bc61b7445980c882a690d1bdef5de206970da2779c2bec5fe876
  md5: b2f41d20ec157f81280e89bcb4f7164a
  depends:
  - ld64_osx-arm64 951.9 hc81425b_1
  - libllvm17 >=17.0.6,<17.1.0a0
  constrains:
  - cctools_osx-arm64 1010.6.*
  - cctools 1010.6.*
  license: APSL-2.0
  license_family: Other
  size: 18942
  timestamp: 1726771707244
- kind: conda
  name: ld64_osx-arm64
  version: '951.9'
  build: hc81425b_1
  build_number: 1
  subdir: osx-arm64
  url: https://conda.anaconda.org/conda-forge/osx-arm64/ld64_osx-arm64-951.9-hc81425b_1.conda
  sha256: 37b083cbee78393c511f6ddb21a6ce484ebc037bc3f85c2c293fbc0f418616f1
  md5: 99473e66ff9960be2995dd1b5fe04ace
  depends:
  - __osx >=11.0
  - libcxx
  - libllvm17 >=17.0.6,<17.1.0a0
  - sigtool
  - tapi >=1300.6.5,<1301.0a0
  constrains:
  - cctools_osx-arm64 1010.6.*
  - cctools 1010.6.*
  - clang >=17.0.6,<18.0a0
  - ld 951.9.*
  license: APSL-2.0
  license_family: Other
  size: 1013046
  timestamp: 1726771628233
- kind: conda
  name: libblas
  version: 3.9.0
  build: 24_osxarm64_openblas
  build_number: 24
  subdir: osx-arm64
  url: https://conda.anaconda.org/conda-forge/osx-arm64/libblas-3.9.0-24_osxarm64_openblas.conda
  sha256: 4739f7463efb12e6d71536d8b0285a8de5aaadcc442bfedb9d92d1b4cbc47847
  md5: 35cb711e7bc46ee5f3dd67af99ad1986
  depends:
  - libopenblas >=0.3.27,<0.3.28.0a0
  - libopenblas >=0.3.27,<1.0a0
  constrains:
  - liblapack 3.9.0 24_osxarm64_openblas
  - blas * openblas
  - liblapacke 3.9.0 24_osxarm64_openblas
  - libcblas 3.9.0 24_osxarm64_openblas
  license: BSD-3-Clause
  license_family: BSD
  size: 15144
  timestamp: 1726668802976
- kind: conda
  name: libcblas
  version: 3.9.0
  build: 24_osxarm64_openblas
  build_number: 24
  subdir: osx-arm64
  url: https://conda.anaconda.org/conda-forge/osx-arm64/libcblas-3.9.0-24_osxarm64_openblas.conda
  sha256: 40dc3f7c44af5cd5a2020386cb30f92943a9d8f7f54321b4d6ae32b2e54af9a4
  md5: c8977086a19233153e454bb2b332a920
  depends:
  - libblas 3.9.0 24_osxarm64_openblas
  constrains:
  - liblapack 3.9.0 24_osxarm64_openblas
  - blas * openblas
  - liblapacke 3.9.0 24_osxarm64_openblas
  license: BSD-3-Clause
  license_family: BSD
  size: 15062
  timestamp: 1726668809379
- kind: conda
  name: libclang-cpp17
  version: 17.0.6
  build: default_h146c034_7
  build_number: 7
  subdir: osx-arm64
  url: https://conda.anaconda.org/conda-forge/osx-arm64/libclang-cpp17-17.0.6-default_h146c034_7.conda
  sha256: 2e338629ae19faae0d1a85543b8c84441ead61957cf69a65c0031d5b18ebac08
  md5: bc6797a6a66ec6f919cc8d4d9285b11c
  depends:
  - __osx >=11.0
  - libcxx >=17.0.6
  - libllvm17 >=17.0.6,<17.1.0a0
  license: Apache-2.0 WITH LLVM-exception
  license_family: Apache
  size: 12408943
  timestamp: 1725505311206
- kind: conda
  name: libcurl
  version: 8.10.1
  build: h13a7ad3_0
  subdir: osx-arm64
  url: https://conda.anaconda.org/conda-forge/osx-arm64/libcurl-8.10.1-h13a7ad3_0.conda
  sha256: 983a977c5627f975a930542c8aabb46089ec6ea72f28d9c4d3ee8eafaf2fc25a
  md5: d84030d0863ffe7dea00b9a807fee961
  depends:
  - __osx >=11.0
  - krb5 >=1.21.3,<1.22.0a0
  - libnghttp2 >=1.58.0,<2.0a0
  - libssh2 >=1.11.0,<2.0a0
  - libzlib >=1.3.1,<2.0a0
  - openssl >=3.3.2,<4.0a0
  - zstd >=1.5.6,<1.6.0a0
  license: curl
  license_family: MIT
  size: 379948
  timestamp: 1726660033582
- kind: conda
  name: libcxx
  version: 19.1.0
  build: ha82da77_0
  subdir: osx-arm64
  url: https://conda.anaconda.org/conda-forge/osx-arm64/libcxx-19.1.0-ha82da77_0.conda
  sha256: b71167d9b7c8e598b12bbdafefd0139e3c70c6eb258cbda3de3fb422d0098025
  md5: a4c66c0d5b0f268fd27a956145004d27
  depends:
  - __osx >=11.0
  license: Apache-2.0 WITH LLVM-exception
  license_family: Apache
  size: 520766
  timestamp: 1726782571130
- kind: conda
  name: libcxx-devel
  version: 17.0.6
  build: h86353a2_6
  build_number: 6
  subdir: osx-arm64
  url: https://conda.anaconda.org/conda-forge/osx-arm64/libcxx-devel-17.0.6-h86353a2_6.conda
  sha256: 914cc589f356dfc64ddc4f0dc305fce401356b688730b62e24b4f52358595a58
  md5: 555639d6c7a4c6838cec6e50453fea43
  depends:
  - libcxx >=17.0.6
  license: Apache-2.0 WITH LLVM-exception
  license_family: Apache
  size: 820887
  timestamp: 1725403726157
- kind: conda
  name: libedit
  version: 3.1.20191231
  build: hc8eb9b7_2
  build_number: 2
  subdir: osx-arm64
  url: https://conda.anaconda.org/conda-forge/osx-arm64/libedit-3.1.20191231-hc8eb9b7_2.tar.bz2
  sha256: 3912636197933ecfe4692634119e8644904b41a58f30cad9d1fc02f6ba4d9fca
  md5: 30e4362988a2623e9eb34337b83e01f9
  depends:
  - ncurses >=6.2,<7.0.0a0
  license: BSD-2-Clause
  license_family: BSD
  size: 96607
  timestamp: 1597616630749
- kind: conda
  name: libev
  version: '4.33'
  build: h93a5062_2
  build_number: 2
  subdir: osx-arm64
  url: https://conda.anaconda.org/conda-forge/osx-arm64/libev-4.33-h93a5062_2.conda
  sha256: 95cecb3902fbe0399c3a7e67a5bed1db813e5ab0e22f4023a5e0f722f2cc214f
  md5: 36d33e440c31857372a72137f78bacf5
  license: BSD-2-Clause
  license_family: BSD
  size: 107458
  timestamp: 1702146414478
- kind: conda
  name: libexpat
  version: 2.6.3
  build: hf9b8971_0
  subdir: osx-arm64
  url: https://conda.anaconda.org/conda-forge/osx-arm64/libexpat-2.6.3-hf9b8971_0.conda
  sha256: 5cbe5a199fba14ade55457a468ce663aac0b54832c39aa54470b3889b4c75c4a
  md5: 5f22f07c2ab2dea8c66fe9585a062c96
  depends:
  - __osx >=11.0
  constrains:
  - expat 2.6.3.*
  license: MIT
  license_family: MIT
  size: 63895
  timestamp: 1725568783033
- kind: conda
  name: libffi
  version: 3.4.2
  build: h3422bc3_5
  build_number: 5
  subdir: osx-arm64
  url: https://conda.anaconda.org/conda-forge/osx-arm64/libffi-3.4.2-h3422bc3_5.tar.bz2
  sha256: 41b3d13efb775e340e4dba549ab5c029611ea6918703096b2eaa9c015c0750ca
  md5: 086914b672be056eb70fd4285b6783b6
  license: MIT
  license_family: MIT
  size: 39020
  timestamp: 1636488587153
- kind: conda
  name: libgfortran
  version: 5.0.0
  build: 13_2_0_hd922786_3
  build_number: 3
  subdir: osx-arm64
  url: https://conda.anaconda.org/conda-forge/osx-arm64/libgfortran-5.0.0-13_2_0_hd922786_3.conda
  sha256: 44e541b4821c96b28b27fef5630883a60ce4fee91fd9c79f25a199f8f73f337b
  md5: 4a55d9e169114b2b90d3ec4604cd7bbf
  depends:
  - libgfortran5 13.2.0 hf226fd6_3
  license: GPL-3.0-only WITH GCC-exception-3.1
  license_family: GPL
  size: 110233
  timestamp: 1707330749033
- kind: conda
  name: libgfortran-devel_osx-arm64
  version: 13.2.0
  build: h5d7a38c_3
  build_number: 3
  subdir: noarch
  noarch: generic
  url: https://conda.anaconda.org/conda-forge/noarch/libgfortran-devel_osx-arm64-13.2.0-h5d7a38c_3.conda
  sha256: 932daa12d7af965db25cd08485031ca857a91886c80d56b02365d4636729362b
  md5: 54386854330df39e779228c7922379a5
  license: GPL-3.0-only WITH GCC-exception-3.1
  license_family: GPL
  size: 1964427
  timestamp: 1707330674197
- kind: conda
  name: libgfortran5
  version: 13.2.0
  build: hf226fd6_3
  build_number: 3
  subdir: osx-arm64
  url: https://conda.anaconda.org/conda-forge/osx-arm64/libgfortran5-13.2.0-hf226fd6_3.conda
  sha256: bafc679eedb468a86aa4636061c55966186399ee0a04b605920d208d97ac579a
  md5: 66ac81d54e95c534ae488726c1f698ea
  depends:
  - llvm-openmp >=8.0.0
  constrains:
  - libgfortran 5.0.0 13_2_0_*_3
  license: GPL-3.0-only WITH GCC-exception-3.1
  license_family: GPL
  size: 997381
  timestamp: 1707330687590
- kind: conda
  name: libglib
  version: 2.80.5
  build: h4821c08_0
  subdir: osx-arm64
  url: https://conda.anaconda.org/conda-forge/osx-arm64/libglib-2.80.5-h4821c08_0.conda
  sha256: 2ec7b830ec915c4d0a70d65901e183c40748648fde982f624c9f934873f1e738
  md5: 6503fd5bf8555e9db4731b16acd295fc
  depends:
  - __osx >=11.0
  - libffi >=3.4,<4.0a0
  - libiconv >=1.17,<2.0a0
  - libintl >=0.22.5,<1.0a0
  - libzlib >=1.3.1,<2.0a0
  - pcre2 >=10.44,<10.45.0a0
  constrains:
  - glib 2.80.5 *_0
  license: LGPL-2.1-or-later
  size: 3618488
  timestamp: 1727336427863
- kind: conda
  name: libhwloc
  version: 2.11.1
  build: default_h7685b71_1000
  build_number: 1000
  subdir: osx-arm64
  url: https://conda.anaconda.org/conda-forge/osx-arm64/libhwloc-2.11.1-default_h7685b71_1000.conda
  sha256: ffe883123f06a7398fdb5039a52f03e3e0ee2a55ed64133580446cda62d11d16
  md5: 4c4f204c15fdc91ee75cd0449a08b87a
  depends:
  - __osx >=11.0
  - libcxx >=16
  - libxml2 >=2.12.7,<3.0a0
  license: BSD-3-Clause
  license_family: BSD
  size: 2325644
  timestamp: 1720460737568
- kind: conda
  name: libiconv
  version: '1.17'
  build: h0d3ecfb_2
  build_number: 2
  subdir: osx-arm64
  url: https://conda.anaconda.org/conda-forge/osx-arm64/libiconv-1.17-h0d3ecfb_2.conda
  sha256: bc7de5097b97bcafcf7deaaed505f7ce02f648aac8eccc0d5a47cc599a1d0304
  md5: 69bda57310071cf6d2b86caf11573d2d
  license: LGPL-2.1-only
  size: 676469
  timestamp: 1702682458114
- kind: conda
  name: libintl
  version: 0.22.5
  build: h8414b35_3
  build_number: 3
  subdir: osx-arm64
  url: https://conda.anaconda.org/conda-forge/osx-arm64/libintl-0.22.5-h8414b35_3.conda
  sha256: 7c1d238d4333af385e594c89ebcb520caad7ed83a735c901099ec0970a87a891
  md5: 3b98ec32e91b3b59ad53dbb9c96dd334
  depends:
  - __osx >=11.0
  - libiconv >=1.17,<2.0a0
  license: LGPL-2.1-or-later
  size: 81171
  timestamp: 1723626968270
- kind: conda
  name: liblapack
  version: 3.9.0
  build: 24_osxarm64_openblas
  build_number: 24
  subdir: osx-arm64
  url: https://conda.anaconda.org/conda-forge/osx-arm64/liblapack-3.9.0-24_osxarm64_openblas.conda
  sha256: 67fbfd0466eee443cda9596ed22daabedc96b7b4d1b31f49b1c1b0983dd1dd2c
  md5: 49a3241f76cdbe705e346204a328f66c
  depends:
  - libblas 3.9.0 24_osxarm64_openblas
  constrains:
  - blas * openblas
  - liblapacke 3.9.0 24_osxarm64_openblas
  - libcblas 3.9.0 24_osxarm64_openblas
  license: BSD-3-Clause
  license_family: BSD
  size: 15063
  timestamp: 1726668815824
- kind: conda
  name: liblapacke
  version: 3.9.0
  build: 24_osxarm64_openblas
  build_number: 24
  subdir: osx-arm64
  url: https://conda.anaconda.org/conda-forge/osx-arm64/liblapacke-3.9.0-24_osxarm64_openblas.conda
  sha256: f8f462e72ed7f506a01c05ed552cc1b96a781861bf2961a1e67925bff9ae3f9a
  md5: bb43697527f0b93d9f2f793a68f6b4ac
  depends:
  - libblas 3.9.0 24_osxarm64_openblas
  - libcblas 3.9.0 24_osxarm64_openblas
  - liblapack 3.9.0 24_osxarm64_openblas
  constrains:
  - blas * openblas
  license: BSD-3-Clause
  license_family: BSD
  size: 15077
  timestamp: 1726668822406
- kind: conda
  name: libllvm17
  version: 17.0.6
  build: h5090b49_2
  build_number: 2
  subdir: osx-arm64
  url: https://conda.anaconda.org/conda-forge/osx-arm64/libllvm17-17.0.6-h5090b49_2.conda
  sha256: 5829e490e395d85442fb6c7edb0ec18d1a5bb1bc529919a89337d34235205064
  md5: 443b26505722696a9535732bc2a07576
  depends:
  - __osx >=11.0
  - libcxx >=16
  - libxml2 >=2.12.7,<3.0a0
  - libzlib >=1.3.1,<2.0a0
  - zstd >=1.5.6,<1.6.0a0
  license: Apache-2.0 WITH LLVM-exception
  license_family: Apache
  size: 24612870
  timestamp: 1718320971519
- kind: conda
  name: libnghttp2
  version: 1.58.0
  build: ha4dd798_1
  build_number: 1
  subdir: osx-arm64
  url: https://conda.anaconda.org/conda-forge/osx-arm64/libnghttp2-1.58.0-ha4dd798_1.conda
  sha256: fc97aaaf0c6d0f508be313d86c2705b490998d382560df24be918b8e977802cd
  md5: 1813e066bfcef82de579a0be8a766df4
  depends:
  - __osx >=10.9
  - c-ares >=1.23.0,<2.0a0
  - libcxx >=16.0.6
  - libev >=4.33,<4.34.0a0
  - libev >=4.33,<5.0a0
  - libzlib >=1.2.13,<2.0.0a0
  - openssl >=3.2.0,<4.0a0
  license: MIT
  license_family: MIT
  size: 565451
  timestamp: 1702130473930
- kind: conda
  name: libopenblas
  version: 0.3.27
  build: openmp_h517c56d_1
  build_number: 1
  subdir: osx-arm64
  url: https://conda.anaconda.org/conda-forge/osx-arm64/libopenblas-0.3.27-openmp_h517c56d_1.conda
  sha256: 46cfcc592b5255262f567cd098be3c61da6bca6c24d640e878dc8342b0f6d069
  md5: 71b8a34d70aa567a990162f327e81505
  depends:
  - __osx >=11.0
  - libgfortran 5.*
  - libgfortran5 >=12.3.0
  - llvm-openmp >=16.0.6
  constrains:
  - openblas >=0.3.27,<0.3.28.0a0
  license: BSD-3-Clause
  license_family: BSD
  size: 2925328
  timestamp: 1720425811743
- kind: conda
  name: libscotch
  version: 7.0.5
  build: hb44a8de_0
  subdir: osx-arm64
  url: https://conda.anaconda.org/freecad/label/dev/osx-arm64/libscotch-7.0.5-hb44a8de_0.tar.bz2
  sha256: 2c34fbcf303ad36c54b32d525aedf90dd75c102b8a03a1d38d832003a9862b73
  md5: 79e4e37b0ede68ec983003e00f8f1265
  depends:
  - __osx >=11.0
  - bzip2 >=1.0.8,<2.0a0
  - libgfortran 5.*
  - libgfortran5 >=13.2.0
  - libzlib >=1.3.1,<2.0a0
  - xz >=5.2.6,<6.0a0
  - zlib
  arch: arm64
  platform: osx
  license: CECILL-C
  size: 287377
  timestamp: 1725177292213
- kind: conda
  name: libsqlite
  version: 3.46.1
  build: hc14010f_0
  subdir: osx-arm64
  url: https://conda.anaconda.org/conda-forge/osx-arm64/libsqlite-3.46.1-hc14010f_0.conda
  sha256: 3725f962f490c5d44dae326d5f5b2e3c97f71a6322d914ccc85b5ddc2e50d120
  md5: 58050ec1724e58668d0126a1615553fa
  depends:
  - __osx >=11.0
  - libzlib >=1.3.1,<2.0a0
  license: Unlicense
  size: 829500
  timestamp: 1725353720793
- kind: conda
  name: libssh2
  version: 1.11.0
  build: h7a5bd25_0
  subdir: osx-arm64
  url: https://conda.anaconda.org/conda-forge/osx-arm64/libssh2-1.11.0-h7a5bd25_0.conda
  sha256: bb57d0c53289721fff1eeb3103a1c6a988178e88d8a8f4345b0b91a35f0e0015
  md5: 029f7dc931a3b626b94823bc77830b01
  depends:
  - libzlib >=1.2.13,<2.0.0a0
  - openssl >=3.1.1,<4.0a0
  license: BSD-3-Clause
  license_family: BSD
  size: 255610
  timestamp: 1685837894256
- kind: conda
  name: libuv
  version: 1.49.0
  build: hd74edd7_0
  subdir: osx-arm64
  url: https://conda.anaconda.org/conda-forge/osx-arm64/libuv-1.49.0-hd74edd7_0.conda
  sha256: 7005068c75e6e260e5fbc8bc2904a07946813eeaa128fe0621594c6d4d0416cd
  md5: a1a2538c2144f58e1e77531b0084ebd4
  depends:
  - __osx >=11.0
  license: MIT
  license_family: MIT
  size: 412863
  timestamp: 1727283182832
- kind: conda
  name: libxml2
  version: 2.12.7
  build: h01dff8b_4
  build_number: 4
  subdir: osx-arm64
  url: https://conda.anaconda.org/conda-forge/osx-arm64/libxml2-2.12.7-h01dff8b_4.conda
  sha256: a9a76cdc6e93c0182bc2ac58b1ea0152be1a16a5d23f4dc7b8df282a7aef8d20
  md5: 1265488dc5035457b729583119ad4a1b
  depends:
  - __osx >=11.0
  - icu >=75.1,<76.0a0
  - libiconv >=1.17,<2.0a0
  - libzlib >=1.3.1,<2.0a0
  - xz >=5.2.6,<6.0a0
  license: MIT
  license_family: MIT
  size: 588990
  timestamp: 1721031045514
- kind: conda
  name: libzlib
  version: 1.3.1
  build: hfb2fe0b_1
  build_number: 1
  subdir: osx-arm64
  url: https://conda.anaconda.org/conda-forge/osx-arm64/libzlib-1.3.1-hfb2fe0b_1.conda
  sha256: c34365dd37b0eab27b9693af32a1f7f284955517c2cc91f1b88a7ef4738ff03e
  md5: 636077128927cf79fd933276dc3aed47
  depends:
  - __osx >=11.0
  constrains:
  - zlib 1.3.1 *_1
  license: Zlib
  license_family: Other
  size: 46921
  timestamp: 1716874262512
- kind: conda
  name: llvm-openmp
  version: 18.1.8
  build: hde57baf_1
  build_number: 1
  subdir: osx-arm64
  url: https://conda.anaconda.org/conda-forge/osx-arm64/llvm-openmp-18.1.8-hde57baf_1.conda
  sha256: 7a76e2932ac77e6314bfa1c4ff83f617c8260313bfed1b8401b508ed3e9d70ba
  md5: fe89757e3cd14bb1c6ebd68dac591363
  depends:
  - __osx >=11.0
  constrains:
  - openmp 18.1.8|18.1.8.*
  license: Apache-2.0 WITH LLVM-exception
  license_family: APACHE
  size: 276263
  timestamp: 1723605341828
- kind: conda
  name: llvm-tools
  version: 17.0.6
  build: h5090b49_2
  build_number: 2
  subdir: osx-arm64
  url: https://conda.anaconda.org/conda-forge/osx-arm64/llvm-tools-17.0.6-h5090b49_2.conda
  sha256: a8011fffc1ab3b49f2027fbdba0887e90a2d288240484a4ba4c1b80617522541
  md5: df635fb4c27fc012c0caf53adf61f043
  depends:
  - __osx >=11.0
  - libllvm17 17.0.6 h5090b49_2
  - libxml2 >=2.12.7,<3.0a0
  - libzlib >=1.3.1,<2.0a0
  - zstd >=1.5.6,<1.6.0a0
  constrains:
  - clang-tools 17.0.6
  - llvm        17.0.6
  - llvmdev     17.0.6
  - clang       17.0.6
  license: Apache-2.0 WITH LLVM-exception
  license_family: Apache
  size: 21864486
  timestamp: 1718321368877
- kind: conda
  name: make
  version: 4.4.1
  build: hc9fafa5_1
  build_number: 1
  subdir: osx-arm64
  url: https://conda.anaconda.org/conda-forge/osx-arm64/make-4.4.1-hc9fafa5_1.conda
  sha256: 59c625be71be7c523ca493710fee5a476bd40889fd04f00460fb1d444e2da7c3
  md5: cb5643890895c017998cb724f3608a55
  depends:
  - __osx >=11.0
  license: GPL-3.0-or-later
  license_family: GPL
  size: 273831
  timestamp: 1725561599726
- kind: conda
  name: metis
  version: 5.2.1
  build: h93a5062_0
  subdir: osx-arm64
  url: https://conda.anaconda.org/conda-forge/osx-arm64/metis-5.2.1-h93a5062_0.conda
  sha256: b75b628e5f7855f7ea9713a3ce1d91afdc36a0cc0a6afcd7bf7234fab4f0eec6
  md5: b98912f0fe900093c15d0d724c28ef3d
  license: Apache-2.0
  license_family: APACHE
  size: 3807856
  timestamp: 1709307965379
- kind: conda
  name: mpc
  version: 1.3.1
  build: h8f1351a_1
  build_number: 1
  subdir: osx-arm64
  url: https://conda.anaconda.org/conda-forge/osx-arm64/mpc-1.3.1-h8f1351a_1.conda
  sha256: 2700899ad03302a1751dbf2bca135407e470dd83ac897ab91dd8675d4300f158
  md5: a5635df796b71f6ca400fc7026f50701
  depends:
  - __osx >=11.0
  - gmp >=6.3.0,<7.0a0
  - mpfr >=4.2.1,<5.0a0
  license: LGPL-3.0-or-later
  license_family: LGPL
  size: 104766
  timestamp: 1725629165420
- kind: conda
  name: mpfr
  version: 4.2.1
  build: hb693164_3
  build_number: 3
  subdir: osx-arm64
  url: https://conda.anaconda.org/conda-forge/osx-arm64/mpfr-4.2.1-hb693164_3.conda
  sha256: 4463e4e2aba7668e37a1b8532859191b4477a6f3602a5d6b4d64ad4c4baaeac5
  md5: 4e4ea852d54cc2b869842de5044662fb
  depends:
  - __osx >=11.0
  - gmp >=6.3.0,<7.0a0
  license: LGPL-3.0-only
  license_family: LGPL
  size: 345517
  timestamp: 1725746730583
- kind: conda
  name: ncurses
  version: '6.5'
  build: h7bae524_1
  build_number: 1
  subdir: osx-arm64
  url: https://conda.anaconda.org/conda-forge/osx-arm64/ncurses-6.5-h7bae524_1.conda
  sha256: 27d0b9ff78ad46e1f3a6c96c479ab44beda5f96def88e2fe626e0a49429d8afc
  md5: cb2b0ea909b97b3d70cd3921d1445e1a
  depends:
  - __osx >=11.0
  license: X11 AND BSD-3-Clause
  size: 802321
  timestamp: 1724658775723
- kind: conda
  name: ninja
  version: 1.12.1
  build: h420ef59_0
  subdir: osx-arm64
  url: https://conda.anaconda.org/conda-forge/osx-arm64/ninja-1.12.1-h420ef59_0.conda
  sha256: 11528acfa0f05d0c51639f6b09b51dc6611b801668449bb36c206c4b055be4f4
  md5: 9166c10405d41c95ffde8fcb8e5c3d51
  depends:
  - __osx >=11.0
  - libcxx >=16
  license: Apache-2.0
  license_family: Apache
  size: 112576
  timestamp: 1715440927034
- kind: conda
  name: numpy
  version: 2.1.1
  build: py312h801f5e3_0
  subdir: osx-arm64
  url: https://conda.anaconda.org/conda-forge/osx-arm64/numpy-2.1.1-py312h801f5e3_0.conda
  sha256: 96cd8d3c9c42d4d6d32b69d4ca11a79a7c6c0a5966089bf75fb29247320b8593
  md5: e42439edb298e477ca6d2643156cb9c4
  depends:
  - __osx >=11.0
  - libblas >=3.9.0,<4.0a0
  - libcblas >=3.9.0,<4.0a0
  - libcxx >=17
  - liblapack >=3.9.0,<4.0a0
  - python >=3.12,<3.13.0a0
  - python >=3.12,<3.13.0a0 *_cpython
  - python_abi 3.12.* *_cp312
  constrains:
  - numpy-base <0a0
  license: BSD-3-Clause
  license_family: BSD
  size: 6445118
  timestamp: 1725412326580
- kind: conda
  name: openssl
  version: 3.3.2
  build: h8359307_0
  subdir: osx-arm64
  url: https://conda.anaconda.org/conda-forge/osx-arm64/openssl-3.3.2-h8359307_0.conda
  sha256: 940fa01c4dc6152158fe8943e05e55a1544cab639df0994e3b35937839e4f4d1
  md5: 1773ebccdc13ec603356e8ff1db9e958
  depends:
  - __osx >=11.0
  - ca-certificates
  license: Apache-2.0
  license_family: Apache
  size: 2882450
  timestamp: 1725410638874
- kind: conda
  name: pcre2
  version: '10.44'
  build: h297a79d_2
  build_number: 2
  subdir: osx-arm64
  url: https://conda.anaconda.org/conda-forge/osx-arm64/pcre2-10.44-h297a79d_2.conda
  sha256: 83153c7d8fd99cab33c92ce820aa7bfed0f1c94fc57010cf227b6e3c50cb7796
  md5: 147c83e5e44780c7492998acbacddf52
  depends:
  - __osx >=11.0
  - bzip2 >=1.0.8,<2.0a0
  - libzlib >=1.3.1,<2.0a0
  license: BSD-3-Clause
  license_family: BSD
  size: 618973
  timestamp: 1723488853807
- kind: conda
  name: pkg-config
  version: 0.29.2
  build: hde07d2e_1009
  build_number: 1009
  subdir: osx-arm64
  url: https://conda.anaconda.org/conda-forge/osx-arm64/pkg-config-0.29.2-hde07d2e_1009.conda
  sha256: d82f4655b2d67fe12eefe1a3eea4cd27d33fa41dbc5e9aeab5fd6d3d2c26f18a
  md5: b4f41e19a8c20184eec3aaf0f0953293
  depends:
  - __osx >=11.0
  - libglib >=2.80.3,<3.0a0
  - libiconv >=1.17,<2.0a0
  license: GPL-2.0-or-later
  license_family: GPL
  size: 49724
  timestamp: 1720806128118
- kind: conda
  name: pkgconfig
  version: 1.5.5
  build: pyhd8ed1ab_4
  build_number: 4
  subdir: noarch
  noarch: python
  url: https://conda.anaconda.org/conda-forge/noarch/pkgconfig-1.5.5-pyhd8ed1ab_4.tar.bz2
  sha256: a1337b36533cb2c15f5714bcc4ada5d1411252753561bb06bd3da4c5785de5df
  md5: 8b714fcb673b50d8a8e4094b6bf80ed6
  depends:
  - pkg-config
  - python >=3.3
  license: MIT
  license_family: MIT
  size: 10504
  timestamp: 1667031217949
- kind: conda
  name: python
  version: 3.12.6
  build: h739c21a_1_cpython
  build_number: 1
  subdir: osx-arm64
  url: https://conda.anaconda.org/conda-forge/osx-arm64/python-3.12.6-h739c21a_1_cpython.conda
  sha256: 99e0b806062b2a4be3016d9a6d253d85e25b5f9ee6bebe442dec6fd6759288f3
  md5: 5beefd0212cdea661f999f0ec29a2e3a
  depends:
  - __osx >=11.0
  - bzip2 >=1.0.8,<2.0a0
  - libexpat >=2.6.3,<3.0a0
  - libffi >=3.4,<4.0a0
  - libsqlite >=3.46.1,<4.0a0
  - libzlib >=1.3.1,<2.0a0
  - ncurses >=6.5,<7.0a0
  - openssl >=3.3.2,<4.0a0
  - readline >=8.2,<9.0a0
  - tk >=8.6.13,<8.7.0a0
  - tzdata
  - xz >=5.2.6,<6.0a0
  constrains:
  - python_abi 3.12.* *_cp312
  license: Python-2.0
  size: 12852860
  timestamp: 1727014294263
- kind: conda
  name: python_abi
  version: '3.12'
  build: 5_cp312
  build_number: 5
  subdir: osx-arm64
  url: https://conda.anaconda.org/conda-forge/osx-arm64/python_abi-3.12-5_cp312.conda
  sha256: 49d624e4b809c799d2bf257b22c23cf3fc4460f5570d9a58e7ad86350aeaa1f4
  md5: b76f9b1c862128e56ac7aa8cd2333de9
  constrains:
  - python 3.12.* *_cpython
  license: BSD-3-Clause
  license_family: BSD
  size: 6278
  timestamp: 1723823099686
- kind: conda
  name: readline
  version: '8.2'
  build: h92ec313_1
  build_number: 1
  subdir: osx-arm64
  url: https://conda.anaconda.org/conda-forge/osx-arm64/readline-8.2-h92ec313_1.conda
  sha256: a1dfa679ac3f6007362386576a704ad2d0d7a02e98f5d0b115f207a2da63e884
  md5: 8cbb776a2f641b943d413b3e19df71f4
  depends:
  - ncurses >=6.3,<7.0a0
  license: GPL-3.0-only
  license_family: GPL
  size: 250351
  timestamp: 1679532511311
- kind: conda
  name: rhash
  version: 1.4.4
  build: hb547adb_0
  subdir: osx-arm64
  url: https://conda.anaconda.org/conda-forge/osx-arm64/rhash-1.4.4-hb547adb_0.conda
  sha256: 3ab595e2280ed2118b6b1e8ce7e5949da2047846c81b6af1bbf5ac859d062edd
  md5: 710c4b1abf65b697c1d9716eba16dbb0
  license: MIT
  license_family: MIT
  size: 177491
  timestamp: 1693456037505
- kind: conda
  name: scipy
  version: 1.14.1
  build: py312heb3a901_0
  subdir: osx-arm64
  url: https://conda.anaconda.org/conda-forge/osx-arm64/scipy-1.14.1-py312heb3a901_0.conda
  sha256: 48cc4b609a9cd8ea2636fe571d5017ea8f21a7097819f97f4ed6fdc69a3c1c75
  md5: 807e90cb234c2d19a09b9453925aef95
  depends:
  - __osx >=11.0
  - libblas >=3.9.0,<4.0a0
  - libcblas >=3.9.0,<4.0a0
  - libcxx >=17
  - libgfortran 5.*
  - libgfortran5 >=13.2.0
  - liblapack >=3.9.0,<4.0a0
  - numpy <2.3
  - numpy >=1.19,<3
  - numpy >=1.23.5
  - python >=3.12,<3.13.0a0
  - python >=3.12,<3.13.0a0 *_cpython
  - python_abi 3.12.* *_cp312
  license: BSD-3-Clause
  license_family: BSD
  size: 14993910
  timestamp: 1724328538557
- kind: conda
  name: sigtool
  version: 0.1.3
  build: h44b9a77_0
  subdir: osx-arm64
  url: https://conda.anaconda.org/conda-forge/osx-arm64/sigtool-0.1.3-h44b9a77_0.tar.bz2
  sha256: 70791ae00a3756830cb50451db55f63e2a42a2fa2a8f1bab1ebd36bbb7d55bff
  md5: 4a2cac04f86a4540b8c9b8d8f597848f
  depends:
  - openssl >=3.0.0,<4.0a0
  license: MIT
  license_family: MIT
  size: 210264
  timestamp: 1643442231687
- kind: conda
  name: spooles
  version: 2.2.0
  build: h99b78c6_1004
  build_number: 1004
  subdir: osx-arm64
  url: https://conda.anaconda.org/conda-forge/osx-arm64/spooles-2.2.0-h99b78c6_1004.conda
  sha256: a9e555306113b12d57e5921e9a101c9680f9989ee5741d9a572ba8e2b7c8c0ec
  md5: ecfbe50503871332cce23d33a209a422
  depends:
  - __osx >=11.0
  license: Public Domain
  license_family: Public Domain
  size: 530206
  timestamp: 1721664441970
- kind: conda
  name: tapi
  version: 1300.6.5
  build: h03f4b80_0
  subdir: osx-arm64
  url: https://conda.anaconda.org/conda-forge/osx-arm64/tapi-1300.6.5-h03f4b80_0.conda
  sha256: 37cd4f62ec023df8a6c6f9f6ffddde3d6620a83cbcab170a8fff31ef944402e5
  md5: b703bc3e6cba5943acf0e5f987b5d0e2
  depends:
  - __osx >=11.0
  - libcxx >=17.0.0.a0
  - ncurses >=6.5,<7.0a0
  license: NCSA
  license_family: MIT
  size: 207679
  timestamp: 1725491499758
- kind: conda
  name: tk
  version: 8.6.13
  build: h5083fa2_1
  build_number: 1
  subdir: osx-arm64
  url: https://conda.anaconda.org/conda-forge/osx-arm64/tk-8.6.13-h5083fa2_1.conda
  sha256: 72457ad031b4c048e5891f3f6cb27a53cb479db68a52d965f796910e71a403a8
  md5: b50a57ba89c32b62428b71a875291c9b
  depends:
  - libzlib >=1.2.13,<2.0.0a0
  license: TCL
  license_family: BSD
  size: 3145523
  timestamp: 1699202432999
- kind: conda
  name: tzdata
  version: 2024a
  build: h8827d51_1
  build_number: 1
  subdir: noarch
  noarch: generic
  url: https://conda.anaconda.org/conda-forge/noarch/tzdata-2024a-h8827d51_1.conda
  sha256: 7d21c95f61319dba9209ca17d1935e6128af4235a67ee4e57a00908a1450081e
  md5: 8bfdead4e0fff0383ae4c9c50d0531bd
  license: LicenseRef-Public-Domain
  size: 124164
  timestamp: 1724736371498
- kind: conda
  name: xz
  version: 5.2.6
  build: h57fd34a_0
  subdir: osx-arm64
  url: https://conda.anaconda.org/conda-forge/osx-arm64/xz-5.2.6-h57fd34a_0.tar.bz2
  sha256: 59d78af0c3e071021cfe82dc40134c19dab8cdf804324b62940f5c8cd71803ec
  md5: 39c6b54e94014701dd157f4f576ed211
  license: LGPL-2.1 and GPL-2.0
  size: 235693
  timestamp: 1660346961024
- kind: conda
  name: zlib
  version: 1.3.1
  build: hfb2fe0b_1
  build_number: 1
  subdir: osx-arm64
  url: https://conda.anaconda.org/conda-forge/osx-arm64/zlib-1.3.1-hfb2fe0b_1.conda
  sha256: 87360c2dc662916aac37cf01e53324b4f4f78db6f399220818076752b093ede5
  md5: f27e021db7862b6ddbc1d3578f10d883
  depends:
  - __osx >=11.0
  - libzlib 1.3.1 hfb2fe0b_1
  license: Zlib
  license_family: Other
  size: 78260
  timestamp: 1716874280334
- kind: conda
  name: zstd
  version: 1.5.6
  build: hb46c0d2_0
  subdir: osx-arm64
  url: https://conda.anaconda.org/conda-forge/osx-arm64/zstd-1.5.6-hb46c0d2_0.conda
  sha256: 2d4fd1ff7ee79cd954ca8e81abf11d9d49954dd1fef80f27289e2402ae9c2e09
  md5: d96942c06c3e84bfcc5efb038724a7fd
  depends:
  - __osx >=11.0
  - libzlib >=1.2.13,<2.0.0a0
  license: BSD-3-Clause
  license_family: BSD
  size: 405089
  timestamp: 1714723101397
