version: 5
environments:
  default:
    channels:
    - url: https://conda.anaconda.org/conda-forge/
    packages:
      osx-arm64:
      - conda: https://conda.anaconda.org/conda-forge/osx-arm64/arpack-3.9.1-nompi_h593882a_101.conda
      - conda: https://conda.anaconda.org/conda-forge/osx-arm64/ca-certificates-2024.7.4-hf0a4a13_0.conda
      - conda: https://conda.anaconda.org/conda-forge/osx-arm64/cctools-986-h4c9edd9_0.conda
      - conda: https://conda.anaconda.org/conda-forge/osx-arm64/cctools_osx-arm64-986-hd11630f_0.conda
      - conda: https://conda.anaconda.org/conda-forge/osx-arm64/clang-18-18.1.8-default_h5c12605_1.conda
      - conda: https://conda.anaconda.org/conda-forge/osx-arm64/clang-18.1.8-default_h675cc0c_1.conda
      - conda: https://conda.anaconda.org/conda-forge/osx-arm64/clang_impl_osx-arm64-18.1.8-h2ae9ea5_18.conda
      - conda: https://conda.anaconda.org/conda-forge/osx-arm64/clang_osx-arm64-18.1.8-h54d7cd3_18.conda
      - conda: https://conda.anaconda.org/conda-forge/osx-arm64/clangxx-18.1.8-default_h675cc0c_1.conda
      - conda: https://conda.anaconda.org/conda-forge/osx-arm64/compiler-rt-18.1.8-h28df8ea_0.conda
      - conda: https://conda.anaconda.org/conda-forge/noarch/compiler-rt_osx-arm64-18.1.8-h56c4e69_0.conda
      - conda: https://conda.anaconda.org/conda-forge/osx-arm64/gfortran-13.2.0-h1ca8e4b_1.conda
      - conda: https://conda.anaconda.org/conda-forge/osx-arm64/gfortran_impl_osx-arm64-13.2.0-h252ada1_3.conda
      - conda: https://conda.anaconda.org/conda-forge/osx-arm64/gfortran_osx-arm64-13.2.0-h57527a5_1.conda
      - conda: https://conda.anaconda.org/conda-forge/osx-arm64/gmp-6.3.0-h7bae524_2.conda
      - conda: https://conda.anaconda.org/conda-forge/osx-arm64/icu-75.1-hfee45f7_0.conda
      - conda: https://conda.anaconda.org/conda-forge/osx-arm64/isl-0.26-imath32_h347afa1_101.conda
      - conda: https://conda.anaconda.org/conda-forge/osx-arm64/ld64-711-h4c6efb1_0.conda
      - conda: https://conda.anaconda.org/conda-forge/osx-arm64/ld64_osx-arm64-711-h5e7191b_0.conda
      - conda: https://conda.anaconda.org/conda-forge/osx-arm64/libblas-3.9.0-23_osxarm64_openblas.conda
      - conda: https://conda.anaconda.org/conda-forge/osx-arm64/libcblas-3.9.0-23_osxarm64_openblas.conda
      - conda: https://conda.anaconda.org/conda-forge/osx-arm64/libclang-cpp18.1-18.1.8-default_h5c12605_1.conda
      - conda: https://conda.anaconda.org/conda-forge/osx-arm64/libcxx-18.1.8-h167917d_1.conda
      - conda: https://conda.anaconda.org/conda-forge/osx-arm64/libgfortran-5.0.0-13_2_0_hd922786_3.conda
      - conda: https://conda.anaconda.org/conda-forge/noarch/libgfortran-devel_osx-arm64-13.2.0-h5d7a38c_3.conda
      - conda: https://conda.anaconda.org/conda-forge/osx-arm64/libgfortran5-13.2.0-hf226fd6_3.conda
      - conda: https://conda.anaconda.org/conda-forge/osx-arm64/libhwloc-2.11.1-default_h7685b71_1000.conda
      - conda: https://conda.anaconda.org/conda-forge/osx-arm64/libiconv-1.17-h0d3ecfb_2.conda
      - conda: https://conda.anaconda.org/conda-forge/osx-arm64/liblapack-3.9.0-23_osxarm64_openblas.conda
      - conda: https://conda.anaconda.org/conda-forge/osx-arm64/liblapacke-3.9.0-23_osxarm64_openblas.conda
      - conda: https://conda.anaconda.org/conda-forge/osx-arm64/libllvm18-18.1.8-h5090b49_1.conda
      - conda: https://conda.anaconda.org/conda-forge/osx-arm64/libopenblas-0.3.27-openmp_h517c56d_1.conda
      - conda: https://conda.anaconda.org/conda-forge/osx-arm64/libxml2-2.12.7-h01dff8b_4.conda
      - conda: https://conda.anaconda.org/conda-forge/osx-arm64/libzlib-1.3.1-hfb2fe0b_1.conda
      - conda: https://conda.anaconda.org/conda-forge/osx-arm64/llvm-openmp-18.1.8-hde57baf_0.conda
      - conda: https://conda.anaconda.org/conda-forge/osx-arm64/llvm-tools-18.1.8-h5090b49_1.conda
      - conda: https://conda.anaconda.org/conda-forge/osx-arm64/make-4.3-he57ea6c_1.tar.bz2
      - conda: https://conda.anaconda.org/conda-forge/osx-arm64/metis-5.1.0-h13dd4ca_1007.conda
      - conda: https://conda.anaconda.org/conda-forge/osx-arm64/mpc-1.3.1-h91ba8db_0.conda
      - conda: https://conda.anaconda.org/conda-forge/osx-arm64/mpfr-4.2.1-h1cfca0a_2.conda
      - conda: https://conda.anaconda.org/conda-forge/osx-arm64/openssl-3.3.1-hfb2fe0b_2.conda
      - conda: https://conda.anaconda.org/conda-forge/osx-arm64/pastix-6.4.0-h4ebbf46_0.conda
      - conda: https://conda.anaconda.org/conda-forge/osx-arm64/sigtool-0.1.3-h44b9a77_0.tar.bz2
      - conda: https://conda.anaconda.org/conda-forge/osx-arm64/spooles-2.2.0-h99b78c6_1004.conda
      - conda: https://conda.anaconda.org/conda-forge/osx-arm64/tapi-1100.0.11-he4954df_0.tar.bz2
      - conda: https://conda.anaconda.org/conda-forge/osx-arm64/xz-5.2.6-h57fd34a_0.tar.bz2
      - conda: https://conda.anaconda.org/conda-forge/osx-arm64/zlib-1.3.1-hfb2fe0b_1.conda
      - conda: https://conda.anaconda.org/conda-forge/osx-arm64/zstd-1.5.6-hb46c0d2_0.conda
packages:
- kind: conda
  name: arpack
  version: 3.9.1
  build: nompi_h593882a_101
  build_number: 101
  subdir: osx-arm64
  url: https://conda.anaconda.org/conda-forge/osx-arm64/arpack-3.9.1-nompi_h593882a_101.conda
  sha256: e0d1985d24a62c31425ba6311b48e39bd93d5b67692b8e985aaf8ba65a047560
  md5: 331043c07b2f19a95f4df4f6296c56fd
  depends:
  - __osx >=11.0
  - libblas >=3.9.0,<4.0a0
  - libcxx >=16
  - libgfortran 5.*
  - libgfortran5 >=12.3.0
  - libgfortran5 >=13.2.0
  - liblapack >=3.9.0,<4.0a0
  license: BSD-3-Clause
  license_family: BSD
  size: 119221
  timestamp: 1717419111497
- kind: conda
  name: ca-certificates
  version: 2024.7.4
  build: hf0a4a13_0
  subdir: osx-arm64
  url: https://conda.anaconda.org/conda-forge/osx-arm64/ca-certificates-2024.7.4-hf0a4a13_0.conda
  sha256: 33a61116dae7f369b6ce92a7f2a1ff361ae737c675a493b11feb5570b89e0e3b
  md5: 21f9a33e5fe996189e470c19c5354dbe
  license: ISC
  size: 154517
  timestamp: 1720077468981
- kind: conda
  name: cctools
  version: '986'
  build: h4c9edd9_0
  subdir: osx-arm64
  url: https://conda.anaconda.org/conda-forge/osx-arm64/cctools-986-h4c9edd9_0.conda
  sha256: bfbfc99da17828d007286f40af86b44315769cfbcc4beba62a8ae64264bd1193
  md5: abcfabe468c14e506fceab2e85380b3b
  depends:
  - cctools_osx-arm64 986 hd11630f_0
  - ld64 711 h4c6efb1_0
  - libllvm18 >=18.1.1,<18.2.0a0
  license: APSL-2.0
  license_family: Other
  size: 21460
  timestamp: 1710484691219
- kind: conda
  name: cctools_osx-arm64
  version: '986'
  build: hd11630f_0
  subdir: osx-arm64
  url: https://conda.anaconda.org/conda-forge/osx-arm64/cctools_osx-arm64-986-hd11630f_0.conda
  sha256: 4152323bbb78e2730fea9004333c9c51fb82a9ddd935f005280bf621849ec53d
  md5: cce200c91b2d291c85e66098fe0d31c2
  depends:
  - ld64_osx-arm64 >=711,<712.0a0
  - libcxx
  - libllvm18 >=18.1.1,<18.2.0a0
  - libzlib >=1.2.13,<2.0.0a0
  - sigtool
  constrains:
  - cctools 986.*
  - clang 18.1.*
  - ld64 711.*
  license: APSL-2.0
  license_family: Other
  size: 1123368
  timestamp: 1710484635601
- kind: conda
  name: clang
  version: 18.1.8
  build: default_h675cc0c_1
  build_number: 1
  subdir: osx-arm64
  url: https://conda.anaconda.org/conda-forge/osx-arm64/clang-18.1.8-default_h675cc0c_1.conda
  sha256: b71b3bd45543f566ab1a71b3ad501cbeecbf3d9de0e4c4f5a3e7bcb6d0aeb2c1
  md5: cebb0f054718b75e8660b0e4e957387d
  depends:
  - clang-18 18.1.8 default_h5c12605_1
  constrains:
  - clang-tools 18.1.8.*
  - llvm 18.1.8.*
  - llvm-tools 18.1.8.*
  - llvmdev 18.1.8.*
  license: Apache-2.0 WITH LLVM-exception
  license_family: Apache
  size: 23492
  timestamp: 1721476110935
- kind: conda
  name: clang-18
  version: 18.1.8
  build: default_h5c12605_1
  build_number: 1
  subdir: osx-arm64
  url: https://conda.anaconda.org/conda-forge/osx-arm64/clang-18-18.1.8-default_h5c12605_1.conda
  sha256: fb9d382977e6503473bec0340f8c7e5fe078714359591df2d2f0d271b1944973
  md5: 6a7802196bccdc75f0479ab63c7c789a
  depends:
  - __osx >=11.0
  - libclang-cpp18.1 18.1.8 default_h5c12605_1
  - libcxx >=16.0.6
  - libllvm18 >=18.1.8,<18.2.0a0
  constrains:
  - clangxx 18.1.8
  - clang-tools 18.1.8
  - llvm-tools 18.1.8
  - clangdev 18.1.8
  license: Apache-2.0 WITH LLVM-exception
  license_family: Apache
  size: 756357
  timestamp: 1721476023880
- kind: conda
  name: clang_impl_osx-arm64
  version: 18.1.8
  build: h2ae9ea5_18
  build_number: 18
  subdir: osx-arm64
  url: https://conda.anaconda.org/conda-forge/osx-arm64/clang_impl_osx-arm64-18.1.8-h2ae9ea5_18.conda
  sha256: 6fa0ca159cfab33e944ebb60cd7b928f54ca7dcfb00887a4aa9b4d3364f23c1d
  md5: b79609e7921e62a7067c9e3679035aeb
  depends:
  - cctools_osx-arm64
  - clang 18.1.8.*
  - compiler-rt 18.1.8.*
  - ld64_osx-arm64
  - llvm-tools 18.1.8.*
  license: BSD-3-Clause
  license_family: BSD
  size: 17538
  timestamp: 1721516721442
- kind: conda
  name: clang_osx-arm64
  version: 18.1.8
  build: h54d7cd3_18
  build_number: 18
  subdir: osx-arm64
  url: https://conda.anaconda.org/conda-forge/osx-arm64/clang_osx-arm64-18.1.8-h54d7cd3_18.conda
  sha256: 5cdd65a5c6e3085830cbcbc2811810453a344cf99ec84a3738ed30ada8e3954e
  md5: 580248253b490a209ca2f14313ad8e23
  depends:
  - clang_impl_osx-arm64 18.1.8 h2ae9ea5_18
  license: BSD-3-Clause
  license_family: BSD
  size: 20503
  timestamp: 1721516731460
- kind: conda
  name: clangxx
  version: 18.1.8
  build: default_h675cc0c_1
  build_number: 1
  subdir: osx-arm64
  url: https://conda.anaconda.org/conda-forge/osx-arm64/clangxx-18.1.8-default_h675cc0c_1.conda
  sha256: cd65f85b0f076d0859c667349d6aa4e245746d10bbedf3c1e3af5873f933ab48
  md5: bbb34ccac4d96bf4cda190830d71a966
  depends:
  - clang 18.1.8 default_h675cc0c_1
  license: Apache-2.0 WITH LLVM-exception
  license_family: Apache
  size: 23529
  timestamp: 1721476123962
- kind: conda
  name: compiler-rt
  version: 18.1.8
  build: h28df8ea_0
  subdir: osx-arm64
  url: https://conda.anaconda.org/conda-forge/osx-arm64/compiler-rt-18.1.8-h28df8ea_0.conda
  sha256: 191bb423c2d2737f04517bb8428e5b0578684f9f8350d6e756c056a53af5199c
  md5: 15b984f60187b48236e7b3f68d10afd4
  depends:
  - __osx >=11.0
  - clang 18.1.8.*
  - clangxx 18.1.8.*
  - compiler-rt_osx-arm64 18.1.8.*
  license: Apache-2.0 WITH LLVM-exception
  license_family: APACHE
  size: 95632
  timestamp: 1718893749315
- kind: conda
  name: compiler-rt_osx-arm64
  version: 18.1.8
  build: h56c4e69_0
  subdir: noarch
  noarch: generic
  url: https://conda.anaconda.org/conda-forge/noarch/compiler-rt_osx-arm64-18.1.8-h56c4e69_0.conda
  sha256: 1098a94047065416eb24fc24d04a6e8ebf9ba271f19d7f45612ae5d3b268011c
  md5: fc1ba8c469693d8be2554d114a2d66d5
  depends:
  - clang 18.1.8.*
  - clangxx 18.1.8.*
  constrains:
  - compiler-rt 18.1.8
  license: Apache-2.0 WITH LLVM-exception
  license_family: APACHE
  size: 10807697
  timestamp: 1718893678043
- kind: conda
  name: gfortran
  version: 13.2.0
  build: h1ca8e4b_1
  build_number: 1
  subdir: osx-arm64
  url: https://conda.anaconda.org/conda-forge/osx-arm64/gfortran-13.2.0-h1ca8e4b_1.conda
  sha256: 1232495ccd08cec4c80d475d584d1fc84365a1ef1b70e45bb0d9c317e9ec270e
  md5: 9eac94b5f64ba2d59ef2424cc44bebea
  depends:
  - cctools
  - gfortran_osx-arm64 13.2.0
  - ld64
  license: GPL-3.0-or-later WITH GCC-exception-3.1
  license_family: GPL
  size: 31973
  timestamp: 1694179448089
- kind: conda
  name: gfortran_impl_osx-arm64
  version: 13.2.0
  build: h252ada1_3
  build_number: 3
  subdir: osx-arm64
  url: https://conda.anaconda.org/conda-forge/osx-arm64/gfortran_impl_osx-arm64-13.2.0-h252ada1_3.conda
  sha256: 1ba0d59650e2d54ebcfdd6d6e7ce6823241764183c34f082bc1313ec43b01c7a
  md5: 4a020e943a2888b242b312a8e953eb9a
  depends:
  - gmp >=6.3.0,<7.0a0
  - isl 0.26.*
  - libcxx >=16
  - libgfortran-devel_osx-arm64 13.2.0.*
  - libgfortran5 >=13.2.0
  - libiconv >=1.17,<2.0a0
  - libzlib >=1.2.13,<2.0.0a0
  - mpc >=1.3.1,<2.0a0
  - mpfr >=4.2.1,<5.0a0
  - zlib
  license: GPL-3.0-only WITH GCC-exception-3.1
  license_family: GPL
  size: 18431819
  timestamp: 1707330710124
- kind: conda
  name: gfortran_osx-arm64
  version: 13.2.0
  build: h57527a5_1
  build_number: 1
  subdir: osx-arm64
  url: https://conda.anaconda.org/conda-forge/osx-arm64/gfortran_osx-arm64-13.2.0-h57527a5_1.conda
  sha256: 3b075f15aba705d43870fdfde5a8d3f1adc9a045d575b4665726afe244149a64
  md5: 13ca786286ed5efc9dc75f64b5101210
  depends:
  - cctools_osx-arm64
  - clang
  - clang_osx-arm64
  - gfortran_impl_osx-arm64 13.2.0
  - ld64_osx-arm64
  - libgfortran 5.*
  - libgfortran-devel_osx-arm64 13.2.0
  - libgfortran5 >=13.2.0
  license: GPL-3.0-or-later WITH GCC-exception-3.1
  license_family: GPL
  size: 35260
  timestamp: 1694179424284
- kind: conda
  name: gmp
  version: 6.3.0
  build: h7bae524_2
  build_number: 2
  subdir: osx-arm64
  url: https://conda.anaconda.org/conda-forge/osx-arm64/gmp-6.3.0-h7bae524_2.conda
  sha256: 76e222e072d61c840f64a44e0580c2503562b009090f55aa45053bf1ccb385dd
  md5: eed7278dfbab727b56f2c0b64330814b
  depends:
  - __osx >=11.0
  - libcxx >=16
  license: GPL-2.0-or-later OR LGPL-3.0-or-later
  size: 365188
  timestamp: 1718981343258
- kind: conda
  name: icu
  version: '75.1'
  build: hfee45f7_0
  subdir: osx-arm64
  url: https://conda.anaconda.org/conda-forge/osx-arm64/icu-75.1-hfee45f7_0.conda
  sha256: 9ba12c93406f3df5ab0a43db8a4b4ef67a5871dfd401010fbe29b218b2cbe620
  md5: 5eb22c1d7b3fc4abb50d92d621583137
  depends:
  - __osx >=11.0
  license: MIT
  license_family: MIT
  size: 11857802
  timestamp: 1720853997952
- kind: conda
  name: isl
  version: '0.26'
  build: imath32_h347afa1_101
  build_number: 101
  subdir: osx-arm64
  url: https://conda.anaconda.org/conda-forge/osx-arm64/isl-0.26-imath32_h347afa1_101.conda
  sha256: fc9272371750c56908b8e535755b1e23cf7803a2cc4a7d9ae539347baa14f740
  md5: e80e44a3f4862b1da870dc0557f8cf3b
  depends:
  - libcxx >=14.0.6
  track_features:
  - isl_imath-32
  license: MIT
  license_family: MIT
  size: 819937
  timestamp: 1680649567633
- kind: conda
  name: ld64
  version: '711'
  build: h4c6efb1_0
  subdir: osx-arm64
  url: https://conda.anaconda.org/conda-forge/osx-arm64/ld64-711-h4c6efb1_0.conda
  sha256: 467371e8dbd4fc99f507024c3d10c0ac4a8528286e9507a1f365e26cb90f4df0
  md5: 289df626863e8c720c3aa220964378cc
  depends:
  - ld64_osx-arm64 711 h5e7191b_0
  - libllvm18 >=18.1.1,<18.2.0a0
  constrains:
  - cctools 986.*
  - cctools_osx-arm64 986.*
  license: APSL-2.0
  license_family: Other
  size: 18678
  timestamp: 1710484665887
- kind: conda
  name: ld64_osx-arm64
  version: '711'
  build: h5e7191b_0
  subdir: osx-arm64
  url: https://conda.anaconda.org/conda-forge/osx-arm64/ld64_osx-arm64-711-h5e7191b_0.conda
  sha256: 82f964dcff2052b327762ca44651407451ad396a1540c664928841c72b7cf3c0
  md5: c751b76ae8112e3d516831063da179cc
  depends:
  - libcxx
  - libllvm18 >=18.1.1,<18.2.0a0
  - sigtool
  - tapi >=1100.0.11,<1101.0a0
  constrains:
  - ld 711.*
  - cctools 986.*
  - cctools_osx-arm64 986.*
  - clang >=18.1.1,<19.0a0
  license: APSL-2.0
  license_family: Other
  size: 1064448
  timestamp: 1710484550965
- kind: conda
  name: libblas
  version: 3.9.0
  build: 23_osxarm64_openblas
  build_number: 23
  subdir: osx-arm64
  url: https://conda.anaconda.org/conda-forge/osx-arm64/libblas-3.9.0-23_osxarm64_openblas.conda
  sha256: 1c30da861e306a25fac8cd30ce0c1b31c9238d04e7768c381cf4d431b4361e6c
  md5: acae9191e8772f5aff48ab5232d4d2a3
  depends:
  - libopenblas >=0.3.27,<0.3.28.0a0
  - libopenblas >=0.3.27,<1.0a0
  constrains:
  - liblapack 3.9.0 23_osxarm64_openblas
  - blas * openblas
  - liblapacke 3.9.0 23_osxarm64_openblas
  - libcblas 3.9.0 23_osxarm64_openblas
  license: BSD-3-Clause
  license_family: BSD
  size: 15103
  timestamp: 1721688997980
- kind: conda
  name: libcblas
  version: 3.9.0
  build: 23_osxarm64_openblas
  build_number: 23
  subdir: osx-arm64
  url: https://conda.anaconda.org/conda-forge/osx-arm64/libcblas-3.9.0-23_osxarm64_openblas.conda
  sha256: c39d944909d0608bd0333398be5e0051045c9451bfd6cc6320732d33375569c8
  md5: bad6ee9b7d5584efc2bc5266137b5f0d
  depends:
  - libblas 3.9.0 23_osxarm64_openblas
  constrains:
  - liblapack 3.9.0 23_osxarm64_openblas
  - liblapacke 3.9.0 23_osxarm64_openblas
  - blas * openblas
  license: BSD-3-Clause
  license_family: BSD
  size: 14991
  timestamp: 1721689017803
- kind: conda
  name: libclang-cpp18.1
  version: 18.1.8
  build: default_h5c12605_1
  build_number: 1
  subdir: osx-arm64
  url: https://conda.anaconda.org/conda-forge/osx-arm64/libclang-cpp18.1-18.1.8-default_h5c12605_1.conda
  sha256: 9889b9aa155d20ea08741f0809d8e1115bd08033176eb82b367a8850eda2dbb6
  md5: dedc242399443b400da7af6a7f7588f6
  depends:
  - __osx >=11.0
  - libcxx >=16.0.6
  - libllvm18 >=18.1.8,<18.2.0a0
  license: Apache-2.0 WITH LLVM-exception
  license_family: Apache
  size: 12889039
  timestamp: 1721475746879
- kind: conda
  name: libcxx
  version: 18.1.8
  build: h167917d_1
  build_number: 1
  subdir: osx-arm64
  url: https://conda.anaconda.org/conda-forge/osx-arm64/libcxx-18.1.8-h167917d_1.conda
  sha256: 00b2419d7a25b146d7466bba101c424331f6c6b8cf9dce5562dcdd1b2b0109eb
  md5: 2b2b76e189430c2c264b5b2d5869f667
  depends:
  - __osx >=11.0
  license: Apache-2.0 WITH LLVM-exception
  license_family: Apache
  size: 1220802
  timestamp: 1722131618537
- kind: conda
  name: libgfortran
  version: 5.0.0
  build: 13_2_0_hd922786_3
  build_number: 3
  subdir: osx-arm64
  url: https://conda.anaconda.org/conda-forge/osx-arm64/libgfortran-5.0.0-13_2_0_hd922786_3.conda
  sha256: 44e541b4821c96b28b27fef5630883a60ce4fee91fd9c79f25a199f8f73f337b
  md5: 4a55d9e169114b2b90d3ec4604cd7bbf
  depends:
  - libgfortran5 13.2.0 hf226fd6_3
  license: GPL-3.0-only WITH GCC-exception-3.1
  license_family: GPL
  size: 110233
  timestamp: 1707330749033
- kind: conda
  name: libgfortran-devel_osx-arm64
  version: 13.2.0
  build: h5d7a38c_3
  build_number: 3
  subdir: noarch
  noarch: generic
  url: https://conda.anaconda.org/conda-forge/noarch/libgfortran-devel_osx-arm64-13.2.0-h5d7a38c_3.conda
  sha256: 932daa12d7af965db25cd08485031ca857a91886c80d56b02365d4636729362b
  md5: 54386854330df39e779228c7922379a5
  license: GPL-3.0-only WITH GCC-exception-3.1
  license_family: GPL
  size: 1964427
  timestamp: 1707330674197
- kind: conda
  name: libgfortran5
  version: 13.2.0
  build: hf226fd6_3
  build_number: 3
  subdir: osx-arm64
  url: https://conda.anaconda.org/conda-forge/osx-arm64/libgfortran5-13.2.0-hf226fd6_3.conda
  sha256: bafc679eedb468a86aa4636061c55966186399ee0a04b605920d208d97ac579a
  md5: 66ac81d54e95c534ae488726c1f698ea
  depends:
  - llvm-openmp >=8.0.0
  constrains:
  - libgfortran 5.0.0 13_2_0_*_3
  license: GPL-3.0-only WITH GCC-exception-3.1
  license_family: GPL
  size: 997381
  timestamp: 1707330687590
- kind: conda
  name: libhwloc
  version: 2.11.1
  build: default_h7685b71_1000
  build_number: 1000
  subdir: osx-arm64
  url: https://conda.anaconda.org/conda-forge/osx-arm64/libhwloc-2.11.1-default_h7685b71_1000.conda
  sha256: ffe883123f06a7398fdb5039a52f03e3e0ee2a55ed64133580446cda62d11d16
  md5: 4c4f204c15fdc91ee75cd0449a08b87a
  depends:
  - __osx >=11.0
  - libcxx >=16
  - libxml2 >=2.12.7,<3.0a0
  license: BSD-3-Clause
  license_family: BSD
  size: 2325644
  timestamp: 1720460737568
- kind: conda
  name: libiconv
  version: '1.17'
  build: h0d3ecfb_2
  build_number: 2
  subdir: osx-arm64
  url: https://conda.anaconda.org/conda-forge/osx-arm64/libiconv-1.17-h0d3ecfb_2.conda
  sha256: bc7de5097b97bcafcf7deaaed505f7ce02f648aac8eccc0d5a47cc599a1d0304
  md5: 69bda57310071cf6d2b86caf11573d2d
  license: LGPL-2.1-only
  size: 676469
  timestamp: 1702682458114
- kind: conda
  name: liblapack
  version: 3.9.0
  build: 23_osxarm64_openblas
  build_number: 23
  subdir: osx-arm64
  url: https://conda.anaconda.org/conda-forge/osx-arm64/liblapack-3.9.0-23_osxarm64_openblas.conda
  sha256: 13799a137ffc80786725e7e2820d37d4c0d59dbb76013a14c21771415b0a4263
  md5: 754ef44f72ab80fd14eaa789ac393a27
  depends:
  - libblas 3.9.0 23_osxarm64_openblas
  constrains:
  - blas * openblas
  - liblapacke 3.9.0 23_osxarm64_openblas
  - libcblas 3.9.0 23_osxarm64_openblas
  license: BSD-3-Clause
  license_family: BSD
  size: 14999
  timestamp: 1721689026268
- kind: conda
  name: liblapacke
  version: 3.9.0
  build: 23_osxarm64_openblas
  build_number: 23
  subdir: osx-arm64
  url: https://conda.anaconda.org/conda-forge/osx-arm64/liblapacke-3.9.0-23_osxarm64_openblas.conda
  sha256: 22444840b0fb88db268dd526e2852eabf0c025718e3550056b1eb47d68ab1afd
  md5: 9f9411f6b0296f39737433efe99ba1a2
  depends:
  - libblas 3.9.0 23_osxarm64_openblas
  - libcblas 3.9.0 23_osxarm64_openblas
  - liblapack 3.9.0 23_osxarm64_openblas
  constrains:
  - blas * openblas
  license: BSD-3-Clause
  license_family: BSD
  size: 14963
  timestamp: 1721689034740
- kind: conda
  name: libllvm18
  version: 18.1.8
  build: h5090b49_1
  build_number: 1
  subdir: osx-arm64
  url: https://conda.anaconda.org/conda-forge/osx-arm64/libllvm18-18.1.8-h5090b49_1.conda
  sha256: caff86eb5e4a079620d3f15bc2622d751a6184c2cdcc1eedf079938741ebb771
  md5: 3f2a99a5922ffe25eb414cdb83cc2998
  depends:
  - __osx >=11.0
  - libcxx >=16
  - libxml2 >=2.12.7,<3.0a0
  - libzlib >=1.3.1,<2.0a0
  - zstd >=1.5.6,<1.6.0a0
  license: Apache-2.0 WITH LLVM-exception
  license_family: Apache
  size: 25767346
  timestamp: 1721178356724
- kind: conda
  name: libopenblas
  version: 0.3.27
  build: openmp_h517c56d_1
  build_number: 1
  subdir: osx-arm64
  url: https://conda.anaconda.org/conda-forge/osx-arm64/libopenblas-0.3.27-openmp_h517c56d_1.conda
  sha256: 46cfcc592b5255262f567cd098be3c61da6bca6c24d640e878dc8342b0f6d069
  md5: 71b8a34d70aa567a990162f327e81505
  depends:
  - __osx >=11.0
  - libgfortran 5.*
  - libgfortran5 >=12.3.0
  - llvm-openmp >=16.0.6
  constrains:
  - openblas >=0.3.27,<0.3.28.0a0
  license: BSD-3-Clause
  license_family: BSD
  size: 2925328
  timestamp: 1720425811743
- kind: conda
  name: libxml2
  version: 2.12.7
  build: h01dff8b_4
  build_number: 4
  subdir: osx-arm64
  url: https://conda.anaconda.org/conda-forge/osx-arm64/libxml2-2.12.7-h01dff8b_4.conda
  sha256: a9a76cdc6e93c0182bc2ac58b1ea0152be1a16a5d23f4dc7b8df282a7aef8d20
  md5: 1265488dc5035457b729583119ad4a1b
  depends:
  - __osx >=11.0
  - icu >=75.1,<76.0a0
  - libiconv >=1.17,<2.0a0
  - libzlib >=1.3.1,<2.0a0
  - xz >=5.2.6,<6.0a0
  license: MIT
  license_family: MIT
  size: 588990
  timestamp: 1721031045514
- kind: conda
  name: libzlib
  version: 1.3.1
  build: hfb2fe0b_1
  build_number: 1
  subdir: osx-arm64
  url: https://conda.anaconda.org/conda-forge/osx-arm64/libzlib-1.3.1-hfb2fe0b_1.conda
  sha256: c34365dd37b0eab27b9693af32a1f7f284955517c2cc91f1b88a7ef4738ff03e
  md5: 636077128927cf79fd933276dc3aed47
  depends:
  - __osx >=11.0
  constrains:
  - zlib 1.3.1 *_1
  license: Zlib
  license_family: Other
  size: 46921
  timestamp: 1716874262512
- kind: conda
  name: llvm-openmp
  version: 18.1.8
  build: hde57baf_0
  subdir: osx-arm64
  url: https://conda.anaconda.org/conda-forge/osx-arm64/llvm-openmp-18.1.8-hde57baf_0.conda
  sha256: 42bc913b3c91934a1ce7ff635e87ee48e2e252632f0cbf607c5a3e4409d9f9dd
  md5: 82393fdbe38448d878a8848b6fcbcefb
  depends:
  - __osx >=11.0
  constrains:
  - openmp 18.1.8|18.1.8.*
  license: Apache-2.0 WITH LLVM-exception
  license_family: APACHE
  size: 276438
  timestamp: 1718911793488
- kind: conda
  name: llvm-tools
  version: 18.1.8
  build: h5090b49_1
  build_number: 1
  subdir: osx-arm64
  url: https://conda.anaconda.org/conda-forge/osx-arm64/llvm-tools-18.1.8-h5090b49_1.conda
  sha256: 99f92912ba384b7db3e82dc8b7fa8d9e7dc0813c2115df95023a660e901a4b45
  md5: a7bcd4e289fb387a1dffb7dd370b3a96
  depends:
  - __osx >=11.0
  - libllvm18 18.1.8 h5090b49_1
  - libxml2 >=2.12.7,<3.0a0
  - libzlib >=1.3.1,<2.0a0
  - zstd >=1.5.6,<1.6.0a0
  constrains:
  - clang       18.1.8
  - llvm        18.1.8
  - llvmdev     18.1.8
  - clang-tools 18.1.8
  license: Apache-2.0 WITH LLVM-exception
  license_family: Apache
  size: 23038832
  timestamp: 1721178805850
- kind: conda
  name: make
  version: '4.3'
  build: he57ea6c_1
  build_number: 1
  subdir: osx-arm64
  url: https://conda.anaconda.org/conda-forge/osx-arm64/make-4.3-he57ea6c_1.tar.bz2
  sha256: a011e3e1c4caec821eb4213d0a0154d39e5f81a44d2e8bafe6f84e7840c3909e
  md5: 1939d04ef89e38fde652ee8c669e092f
  license: GPL-3.0-or-later
  license_family: GPL
  size: 253227
  timestamp: 1602706492919
- kind: conda
  name: metis
  version: 5.1.0
  build: h13dd4ca_1007
  build_number: 1007
  subdir: osx-arm64
  url: https://conda.anaconda.org/conda-forge/osx-arm64/metis-5.1.0-h13dd4ca_1007.conda
  sha256: fae516bee76df367128cf81dae13e7d11ce039ff61665ca59a1c57dee0731973
  md5: afefade086a45ae6703dffe83516010a
  license: Apache-2.0
  license_family: APACHE
  size: 3832170
  timestamp: 1693403045166
- kind: conda
  name: mpc
  version: 1.3.1
  build: h91ba8db_0
  subdir: osx-arm64
  url: https://conda.anaconda.org/conda-forge/osx-arm64/mpc-1.3.1-h91ba8db_0.conda
  sha256: 6d8d4f8befca279f022c1c212241ad6672cb347181452555414e277484ad534c
  md5: 362af269d860ae49580f8f032a68b0df
  depends:
  - gmp >=6.2.1,<7.0a0
  - mpfr >=4.1.0,<5.0a0
  license: LGPL-3.0-or-later
  license_family: LGPL
  size: 103657
  timestamp: 1674264097592
- kind: conda
  name: mpfr
  version: 4.2.1
  build: h1cfca0a_2
  build_number: 2
  subdir: osx-arm64
  url: https://conda.anaconda.org/conda-forge/osx-arm64/mpfr-4.2.1-h1cfca0a_2.conda
  sha256: 4ed8519e032d1f5be5e5c1324d630aee13e81498b35999a4ff8bb7f38c3dc44e
  md5: 56b5b819e0ad2c08a67e630211629896
  depends:
  - __osx >=11.0
  - gmp >=6.3.0,<7.0a0
  license: LGPL-3.0-only
  license_family: LGPL
  size: 346298
  timestamp: 1722132645001
- kind: conda
  name: openssl
  version: 3.3.1
  build: hfb2fe0b_2
  build_number: 2
  subdir: osx-arm64
  url: https://conda.anaconda.org/conda-forge/osx-arm64/openssl-3.3.1-hfb2fe0b_2.conda
  sha256: dd7d988636f74473ebdfe15e05c5aabdb53a1d2a846c839d62289b0c37f81548
  md5: 9b551a504c1cc8f8b7b22c01814da8ba
  depends:
  - __osx >=11.0
  - ca-certificates
  constrains:
  - pyopenssl >=22.1
  license: Apache-2.0
  license_family: Apache
  size: 2899682
  timestamp: 1721194599446
- kind: conda
  name: pastix
  version: 6.4.0
  build: h4ebbf46_0
  subdir: osx-arm64
  url: https://conda.anaconda.org/conda-forge/osx-arm64/pastix-6.4.0-h4ebbf46_0.conda
  sha256: 2bf5c631dc806b5d8a9ae4ed9e0634a2768f66167822f0d08e5a06a80252c6e2
  md5: ceffd4c75c69d022be3719ea28b6b775
  depends:
  - __osx >=11.0
  - libblas >=3.9.0,<4.0a0
  - libcblas >=3.9.0,<4.0a0
  - libcxx >=16
  - libgfortran 5.*
  - libgfortran5 >=12.3.0
  - libgfortran5 >=13.2.0
  - libhwloc >=2.11.1,<2.11.2.0a0
  - liblapack >=3.9.0,<4.0a0
  - liblapacke >=3.9.0,<4.0a0
  - metis >=5.1.0,<5.1.1.0a0
  license: LGPL-3.0-or-later
  license_family: LGPL
  size: 603001
  timestamp: 1722276142407
- kind: conda
  name: sigtool
  version: 0.1.3
  build: h44b9a77_0
  subdir: osx-arm64
  url: https://conda.anaconda.org/conda-forge/osx-arm64/sigtool-0.1.3-h44b9a77_0.tar.bz2
  sha256: 70791ae00a3756830cb50451db55f63e2a42a2fa2a8f1bab1ebd36bbb7d55bff
  md5: 4a2cac04f86a4540b8c9b8d8f597848f
  depends:
  - openssl >=3.0.0,<4.0a0
  license: MIT
  license_family: MIT
  size: 210264
  timestamp: 1643442231687
- kind: conda
  name: spooles
  version: 2.2.0
  build: h99b78c6_1004
  build_number: 1004
  subdir: osx-arm64
  url: https://conda.anaconda.org/conda-forge/osx-arm64/spooles-2.2.0-h99b78c6_1004.conda
  sha256: a9e555306113b12d57e5921e9a101c9680f9989ee5741d9a572ba8e2b7c8c0ec
  md5: ecfbe50503871332cce23d33a209a422
  depends:
  - __osx >=11.0
  license: Public Domain
  license_family: Public Domain
  size: 530206
  timestamp: 1721664441970
- kind: conda
  name: tapi
  version: 1100.0.11
  build: he4954df_0
  subdir: osx-arm64
  url: https://conda.anaconda.org/conda-forge/osx-arm64/tapi-1100.0.11-he4954df_0.tar.bz2
  sha256: 1709265fbee693a9e8b4126b0a3e68a6c4718b05821c659279c1af051f2d40f3
  md5: d83362e7d0513f35f454bc50b0ca591d
  depends:
  - libcxx >=11.0.0.a0
  license: NCSA
  license_family: MIT
  size: 191416
  timestamp: 1602687595316
- kind: conda
  name: xz
  version: 5.2.6
  build: h57fd34a_0
  subdir: osx-arm64
  url: https://conda.anaconda.org/conda-forge/osx-arm64/xz-5.2.6-h57fd34a_0.tar.bz2
  sha256: 59d78af0c3e071021cfe82dc40134c19dab8cdf804324b62940f5c8cd71803ec
  md5: 39c6b54e94014701dd157f4f576ed211
  license: LGPL-2.1 and GPL-2.0
  size: 235693
  timestamp: 1660346961024
- kind: conda
  name: zlib
  version: 1.3.1
  build: hfb2fe0b_1
  build_number: 1
  subdir: osx-arm64
  url: https://conda.anaconda.org/conda-forge/osx-arm64/zlib-1.3.1-hfb2fe0b_1.conda
  sha256: 87360c2dc662916aac37cf01e53324b4f4f78db6f399220818076752b093ede5
  md5: f27e021db7862b6ddbc1d3578f10d883
  depends:
  - __osx >=11.0
  - libzlib 1.3.1 hfb2fe0b_1
  license: Zlib
  license_family: Other
  size: 78260
  timestamp: 1716874280334
- kind: conda
  name: zstd
  version: 1.5.6
  build: hb46c0d2_0
  subdir: osx-arm64
  url: https://conda.anaconda.org/conda-forge/osx-arm64/zstd-1.5.6-hb46c0d2_0.conda
  sha256: 2d4fd1ff7ee79cd954ca8e81abf11d9d49954dd1fef80f27289e2402ae9c2e09
  md5: d96942c06c3e84bfcc5efb038724a7fd
  depends:
  - __osx >=11.0
  - libzlib >=1.2.13,<2.0.0a0
  license: BSD-3-Clause
  license_family: BSD
  size: 405089
  timestamp: 1714723101397
